// !$*UTF8*$!
{
	archiveVersion = 1;
	classes = {
	};
	objectVersion = 50;
	objects = {

/* Begin PBXBuildFile section */
		0F052ED9221AE8C5009175EA /* LoginKey.swift in Sources */ = {isa = PBXBuildFile; fileRef = 0F052ED8221AE8C5009175EA /* LoginKey.swift */; };
		0F052EDB221C0790009175EA /* HomeCoordinator.swift in Sources */ = {isa = PBXBuildFile; fileRef = 0F052EDA221C0790009175EA /* HomeCoordinator.swift */; };
		0F056010227F811F005F7BCE /* RateView.swift in Sources */ = {isa = PBXBuildFile; fileRef = 0F05600F227F811F005F7BCE /* RateView.swift */; };
		0F056012227F92BC005F7BCE /* Rate.swift in Sources */ = {isa = PBXBuildFile; fileRef = 0F056011227F92BC005F7BCE /* Rate.swift */; };
		0F0661AD2257E62400A83734 /* SepantaGroupsSubscription.swift in Sources */ = {isa = PBXBuildFile; fileRef = 0F0661AC2257E62400A83734 /* SepantaGroupsSubscription.swift */; };
		0F0661B0225BE98100A83734 /* PostViewController.swift in Sources */ = {isa = PBXBuildFile; fileRef = 0F0661AF225BE98100A83734 /* PostViewController.swift */; };
		0F0661B2225BEA6A00A83734 /* PostUI.swift in Sources */ = {isa = PBXBuildFile; fileRef = 0F0661B1225BEA6A00A83734 /* PostUI.swift */; };
		0F0661B4225BF93E00A83734 /* Comment.swift in Sources */ = {isa = PBXBuildFile; fileRef = 0F0661B3225BF93E00A83734 /* Comment.swift */; };
		0F066F93222B198900C8871C /* UIColorFromHex.swift in Sources */ = {isa = PBXBuildFile; fileRef = 0F066F92222B198900C8871C /* UIColorFromHex.swift */; };
		0F066F95222B19AB00C8871C /* UIViewRotate.swift in Sources */ = {isa = PBXBuildFile; fileRef = 0F066F94222B19AB00C8871C /* UIViewRotate.swift */; };
		0F066F99222C22EE00C8871C /* MenuController.swift in Sources */ = {isa = PBXBuildFile; fileRef = 0F066F98222C22EE00C8871C /* MenuController.swift */; };
		0F066F9D222C2D5600C8871C /* MenuPopUpConfiguration.swift in Sources */ = {isa = PBXBuildFile; fileRef = 0F066F9C222C2D5600C8871C /* MenuPopUpConfiguration.swift */; };
		0F066F9F222C704B00C8871C /* MenuViewController.swift in Sources */ = {isa = PBXBuildFile; fileRef = 0F066F9E222C704B00C8871C /* MenuViewController.swift */; };
		0F1B755B223580C80087C0DB /* ShopsListDataSource.swift in Sources */ = {isa = PBXBuildFile; fileRef = 0F1B755A223580C80087C0DB /* ShopsListDataSource.swift */; };
		0F1B755D2235C1080087C0DB /* SlidesAndPaths.swift in Sources */ = {isa = PBXBuildFile; fileRef = 0F1B755C2235C1080087C0DB /* SlidesAndPaths.swift */; };
		0F1B755F2235C8460087C0DB /* Slide.swift in Sources */ = {isa = PBXBuildFile; fileRef = 0F1B755E2235C8460087C0DB /* Slide.swift */; };
		0F1B75612236BA610087C0DB /* CacheManager.swift in Sources */ = {isa = PBXBuildFile; fileRef = 0F1B75602236BA610087C0DB /* CacheManager.swift */; };
		0F1B75632236E39B0087C0DB /* ShopViewController.swift in Sources */ = {isa = PBXBuildFile; fileRef = 0F1B75622236E39B0087C0DB /* ShopViewController.swift */; };
		0F1B75652236E42A0087C0DB /* ShopUI.swift in Sources */ = {isa = PBXBuildFile; fileRef = 0F1B75642236E42A0087C0DB /* ShopUI.swift */; };
		0F1B75692238498E0087C0DB /* CacheImageForViews.swift in Sources */ = {isa = PBXBuildFile; fileRef = 0F1B75682238498E0087C0DB /* CacheImageForViews.swift */; };
		0F237E1F2267654B004CC7BC /* SearchViewController.swift in Sources */ = {isa = PBXBuildFile; fileRef = 0F237E1E2267654B004CC7BC /* SearchViewController.swift */; };
		0F237E41226783CF004CC7BC /* Shabnam-Light-FD.ttf in Resources */ = {isa = PBXBuildFile; fileRef = 0F237E3E226783C9004CC7BC /* Shabnam-Light-FD.ttf */; };
		0F3197B32270BD8F00CEF207 /* Bank.swift in Sources */ = {isa = PBXBuildFile; fileRef = 0F3197B22270BD8F00CEF207 /* Bank.swift */; };
		0F3BDD0C228649BE0087EA97 /* terms.rtf in Resources */ = {isa = PBXBuildFile; fileRef = 0F3BDD0B228649BE0087EA97 /* terms.rtf */; };
		0F3BDD0E22864A120087EA97 /* VersionControl.swift in Sources */ = {isa = PBXBuildFile; fileRef = 0F3BDD0D22864A120087EA97 /* VersionControl.swift */; };
		0F4C8EB5227FB21F00E35F8B /* FilterView.swift in Sources */ = {isa = PBXBuildFile; fileRef = 0F4C8EB4227FB21F00E35F8B /* FilterView.swift */; };
		0F4D29E42267617100BFD425 /* Search.storyboard in Resources */ = {isa = PBXBuildFile; fileRef = 0F4D29E32267617100BFD425 /* Search.storyboard */; };
		0F50AE72226F61110028D8B6 /* MapAnnotation.swift in Sources */ = {isa = PBXBuildFile; fileRef = 0F50AE71226F61110028D8B6 /* MapAnnotation.swift */; };
		0F50AE74226F66950028D8B6 /* MapViewAnnotations.swift in Sources */ = {isa = PBXBuildFile; fileRef = 0F50AE73226F66950028D8B6 /* MapViewAnnotations.swift */; };
		0F512C052205B5C300B99C9E /* SignupViewController.swift in Sources */ = {isa = PBXBuildFile; fileRef = 0F512C042205B5C300B99C9E /* SignupViewController.swift */; };
		0F58927C2278F65E0077B655 /* UserPoints.swift in Sources */ = {isa = PBXBuildFile; fileRef = 0F58927B2278F65E0077B655 /* UserPoints.swift */; };
		0F58927E227909080077B655 /* ScoresViewController.swift in Sources */ = {isa = PBXBuildFile; fileRef = 0F58927D227909080077B655 /* ScoresViewController.swift */; };
		0F58928022790B210077B655 /* Scores.storyboard in Resources */ = {isa = PBXBuildFile; fileRef = 0F58927F22790B210077B655 /* Scores.storyboard */; };
		0F63F7102277625E00799C8F /* ContactAboutUS.storyboard in Resources */ = {isa = PBXBuildFile; fileRef = 0F63F70F2277625E00799C8F /* ContactAboutUS.storyboard */; };
		0F63F7142277690100799C8F /* ContactUSUI.swift in Sources */ = {isa = PBXBuildFile; fileRef = 0F63F7132277690100799C8F /* ContactUSUI.swift */; };
		0F63F71622776A5400799C8F /* ContactUSViewController.swift in Sources */ = {isa = PBXBuildFile; fileRef = 0F63F71522776A5400799C8F /* ContactUSViewController.swift */; };
		0F63F7182278947A00799C8F /* ContactUSEmoji.swift in Sources */ = {isa = PBXBuildFile; fileRef = 0F63F7172278947A00799C8F /* ContactUSEmoji.swift */; };
		0F63F71A2278A25700799C8F /* StringSlice.swift in Sources */ = {isa = PBXBuildFile; fileRef = 0F63F7192278A25700799C8F /* StringSlice.swift */; };
		0F63F71C2278B65800799C8F /* NewCardView.xib in Resources */ = {isa = PBXBuildFile; fileRef = 0F63F71B2278B65800799C8F /* NewCardView.xib */; };
		0F63F71E2278BBDC00799C8F /* NewCardView.swift in Sources */ = {isa = PBXBuildFile; fileRef = 0F63F71D2278BBDC00799C8F /* NewCardView.swift */; };
		0F63F7202278BDF200799C8F /* NewCardViewController.swift in Sources */ = {isa = PBXBuildFile; fileRef = 0F63F71F2278BDF200799C8F /* NewCardViewController.swift */; };
		0F63F7222278BE8000799C8F /* NewCard.storyboard in Resources */ = {isa = PBXBuildFile; fileRef = 0F63F7212278BE8000799C8F /* NewCard.storyboard */; };
		0F63F7242278EE8500799C8F /* UIImageSetShadow.swift in Sources */ = {isa = PBXBuildFile; fileRef = 0F63F7232278EE8500799C8F /* UIImageSetShadow.swift */; };
		0F642B93227A415A00B887B8 /* Post.storyboard in Resources */ = {isa = PBXBuildFile; fileRef = 0F642B92227A415A00B887B8 /* Post.storyboard */; };
		0F642B95227A418100B887B8 /* AddPostViewController.swift in Sources */ = {isa = PBXBuildFile; fileRef = 0F642B94227A418100B887B8 /* AddPostViewController.swift */; };
		0F642B97227A4D7D00B887B8 /* ImagePicker.swift in Sources */ = {isa = PBXBuildFile; fileRef = 0F642B96227A4D7D00B887B8 /* ImagePicker.swift */; };
		0F642B99227A525800B887B8 /* AddPostImagePicker.swift in Sources */ = {isa = PBXBuildFile; fileRef = 0F642B98227A525700B887B8 /* AddPostImagePicker.swift */; };
		0F673455227A149C0064EF96 /* SignUPUI.swift in Sources */ = {isa = PBXBuildFile; fileRef = 0F673454227A149C0064EF96 /* SignUPUI.swift */; };
		0F67F75A224CD00300659842 /* Post.swift in Sources */ = {isa = PBXBuildFile; fileRef = 0F67F759224CD00300659842 /* Post.swift */; };
		0F6EC4672231751E0078136C /* StringWithFontSizeCalc.swift in Sources */ = {isa = PBXBuildFile; fileRef = 0F6EC4662231751E0078136C /* StringWithFontSizeCalc.swift */; };
		0F70A647226B97650020C33C /* EditProfileImagePicker.swift in Sources */ = {isa = PBXBuildFile; fileRef = 0F70A646226B97650020C33C /* EditProfileImagePicker.swift */; };
		0F70A649226BC7BF0020C33C /* ProfileInfoWrapper.swift in Sources */ = {isa = PBXBuildFile; fileRef = 0F70A648226BC7BF0020C33C /* ProfileInfoWrapper.swift */; };
		0F71A38B2231924000F4EB6B /* UIViewControllerWithKeyboardNotification.swift in Sources */ = {isa = PBXBuildFile; fileRef = 0F71A38A2231924000F4EB6B /* UIViewControllerWithKeyboardNotification.swift */; };
		0F71A38F22319A2000F4EB6B /* Alert.swift in Sources */ = {isa = PBXBuildFile; fileRef = 0F71A38E22319A2000F4EB6B /* Alert.swift */; };
		0F79BBA12285C4C000795AE0 /* Login.storyboard in Resources */ = {isa = PBXBuildFile; fileRef = 0F79BBA02285C4C000795AE0 /* Login.storyboard */; };
		0F79BBA42285C6C100795AE0 /* SepantaGroup.storyboard in Resources */ = {isa = PBXBuildFile; fileRef = 0F79BBA32285C6C100795AE0 /* SepantaGroup.storyboard */; };
		0F79BBA62285C75E00795AE0 /* Profile.storyboard in Resources */ = {isa = PBXBuildFile; fileRef = 0F79BBA52285C75E00795AE0 /* Profile.storyboard */; };
		0F79BBA82285CA5700795AE0 /* GetRich.storyboard in Resources */ = {isa = PBXBuildFile; fileRef = 0F79BBA72285CA5700795AE0 /* GetRich.storyboard */; };
		0F79BBAA2285CD4900795AE0 /* FavListViewController.swift in Sources */ = {isa = PBXBuildFile; fileRef = 0F79BBA92285CD4900795AE0 /* FavListViewController.swift */; };
		0F79BBAC2285D36B00795AE0 /* ShopSectionData.swift in Sources */ = {isa = PBXBuildFile; fileRef = 0F79BBAB2285D36B00795AE0 /* ShopSectionData.swift */; };
		0F79BBB02285DC0500795AE0 /* ReportPostView.swift in Sources */ = {isa = PBXBuildFile; fileRef = 0F79BBAF2285DC0500795AE0 /* ReportPostView.swift */; };
		0F79BBB522863E3E00795AE0 /* TermsView.xib in Resources */ = {isa = PBXBuildFile; fileRef = 0F79BBB422863E3E00795AE0 /* TermsView.xib */; };
		0F79BBB7228641DC00795AE0 /* TermsView.swift in Sources */ = {isa = PBXBuildFile; fileRef = 0F79BBB6228641DC00795AE0 /* TermsView.swift */; };
		0F7FDA7D2205FAFE00703792 /* AlwaysShowPopup.swift in Sources */ = {isa = PBXBuildFile; fileRef = 0F7FDA7C2205FAFE00703792 /* AlwaysShowPopup.swift */; };
		0F7FDA7F2206069300703792 /* ArrayChoiceTableViewController.swift in Sources */ = {isa = PBXBuildFile; fileRef = 0F7FDA7E2206069300703792 /* ArrayChoiceTableViewController.swift */; };
		0F817A672232D89C00F1738E /* ProfileViewController.swift in Sources */ = {isa = PBXBuildFile; fileRef = 0F817A662232D89C00F1738E /* ProfileViewController.swift */; };
		0F817A6922341D8E00F1738E /* ShowProfileUI.swift in Sources */ = {isa = PBXBuildFile; fileRef = 0F817A6822341D8E00F1738E /* ShowProfileUI.swift */; };
		0F817A6B2234635A00F1738E /* EditProfileViewController.swift in Sources */ = {isa = PBXBuildFile; fileRef = 0F817A6A2234635A00F1738E /* EditProfileViewController.swift */; };
		0F817A6D22346BAF00F1738E /* EditProfileUI.swift in Sources */ = {isa = PBXBuildFile; fileRef = 0F817A6C22346BAF00F1738E /* EditProfileUI.swift */; };
		0F817A6F22354F8600F1738E /* Profile.swift in Sources */ = {isa = PBXBuildFile; fileRef = 0F817A6E22354F8600F1738E /* Profile.swift */; };
		0F817A71223567E200F1738E /* ShopsListViewController.swift in Sources */ = {isa = PBXBuildFile; fileRef = 0F817A70223567E200F1738E /* ShopsListViewController.swift */; };
		0F8571F0225CC5B50056D062 /* UIViewControllerWithErrorBar.swift in Sources */ = {isa = PBXBuildFile; fileRef = 0F8571EF225CC5B50056D062 /* UIViewControllerWithErrorBar.swift */; };
		0F890CFE2214B4CD0091FA2E /* Coordinator.swift in Sources */ = {isa = PBXBuildFile; fileRef = 0F890CFD2214B4CD0091FA2E /* Coordinator.swift */; };
		0F890D002214B4E90091FA2E /* Storyboarded.swift in Sources */ = {isa = PBXBuildFile; fileRef = 0F890CFF2214B4E90091FA2E /* Storyboarded.swift */; };
		0F890D022214B5310091FA2E /* AppCoordinator.swift in Sources */ = {isa = PBXBuildFile; fileRef = 0F890D012214B5310091FA2E /* AppCoordinator.swift */; };
		0F890D0E2215C7170091FA2E /* NetworkManager.swift in Sources */ = {isa = PBXBuildFile; fileRef = 0F890D0D2215C7170091FA2E /* NetworkManager.swift */; };
		0F890D122215D21C0091FA2E /* JSONParser.swift in Sources */ = {isa = PBXBuildFile; fileRef = 0F890D112215D21C0091FA2E /* JSONParser.swift */; };
		0F8B7D432267874B00EFAACD /* Shabnam-Bold-FD.ttf in Resources */ = {isa = PBXBuildFile; fileRef = 0F8B7D412267874600EFAACD /* Shabnam-Bold-FD.ttf */; };
		0F8B7D442267874B00EFAACD /* Shabnam-FD.ttf in Resources */ = {isa = PBXBuildFile; fileRef = 0F8B7D422267874800EFAACD /* Shabnam-FD.ttf */; };
		0F8B7D46226789A800EFAACD /* ShopSearchResult.swift in Sources */ = {isa = PBXBuildFile; fileRef = 0F8B7D45226789A800EFAACD /* ShopSearchResult.swift */; };
		0F8E3F702275CCF300E51B17 /* CardView.swift in Sources */ = {isa = PBXBuildFile; fileRef = 0F8E3F6F2275CCF300E51B17 /* CardView.swift */; };
		0F8E3F722275CD4200E51B17 /* CardView.xib in Resources */ = {isa = PBXBuildFile; fileRef = 0F8E3F712275CD4200E51B17 /* CardView.xib */; };
		0F984E29220B727B004AFB06 /* SepantaGroupsViewController.swift in Sources */ = {isa = PBXBuildFile; fileRef = 0F984E28220B727B004AFB06 /* SepantaGroupsViewController.swift */; };
		0F997397227BB84600A65716 /* MainImageForShopImagePicker.swift in Sources */ = {isa = PBXBuildFile; fileRef = 0F997396227BB84600A65716 /* MainImageForShopImagePicker.swift */; };
		0F997399227BBAA400A65716 /* LogoImageForShopImagePicker.swift in Sources */ = {isa = PBXBuildFile; fileRef = 0F997398227BBAA400A65716 /* LogoImageForShopImagePicker.swift */; };
		0F9BCFC52221FCCF00C87706 /* SlideControl.swift in Sources */ = {isa = PBXBuildFile; fileRef = 0F9BCFC42221FCCF00C87706 /* SlideControl.swift */; };
		0F9BCFC8222317E900C87706 /* SepantaGroupButtons.swift in Sources */ = {isa = PBXBuildFile; fileRef = 0F9BCFC7222317E900C87706 /* SepantaGroupButtons.swift */; };
		0FA307DE222700B100EDA829 /* Shop.swift in Sources */ = {isa = PBXBuildFile; fileRef = 0FA307DD222700B100EDA829 /* Shop.swift */; };
		0FA307E02227330700EDA829 /* EnglishNumbersToPersian.swift in Sources */ = {isa = PBXBuildFile; fileRef = 0FA307DF2227330700EDA829 /* EnglishNumbersToPersian.swift */; };
		0FAE1FF3226332D20043B077 /* CreditCard.swift in Sources */ = {isa = PBXBuildFile; fileRef = 0FAE1FF2226332D20043B077 /* CreditCard.swift */; };
		0FAE1FF52265BAC70043B077 /* UIButtonDisEnable.swift in Sources */ = {isa = PBXBuildFile; fileRef = 0FAE1FF42265BAC70043B077 /* UIButtonDisEnable.swift */; };
		0FAE1FFF226745780043B077 /* XIBView.swift in Sources */ = {isa = PBXBuildFile; fileRef = 0FAE1FFE226745780043B077 /* XIBView.swift */; };
		0FAEEDE5222F29C600A9178F /* GetRichUI.swift in Sources */ = {isa = PBXBuildFile; fileRef = 0FAEEDE4222F29C600A9178F /* GetRichUI.swift */; };
		0FAEEDE72230949C00A9178F /* AboutUsViewController.swift in Sources */ = {isa = PBXBuildFile; fileRef = 0FAEEDE62230949C00A9178F /* AboutUsViewController.swift */; };
		0FAEEDE92230957100A9178F /* AboutUsUI.swift in Sources */ = {isa = PBXBuildFile; fileRef = 0FAEEDE82230957100A9178F /* AboutUsUI.swift */; };
		0FB3ECD0222C8AF8009A89F7 /* MenuCoordinator.swift in Sources */ = {isa = PBXBuildFile; fileRef = 0FB3ECCF222C8AF8009A89F7 /* MenuCoordinator.swift */; };
		0FB3ECD2222DC48F009A89F7 /* GetRichViewController.swift in Sources */ = {isa = PBXBuildFile; fileRef = 0FB3ECD1222DC48F009A89F7 /* GetRichViewController.swift */; };
		0FD094AA226E34C600E53A07 /* Map.storyboard in Resources */ = {isa = PBXBuildFile; fileRef = 0FD094A9226E34C600E53A07 /* Map.storyboard */; };
		0FD094AC226E370B00E53A07 /* NearestViewController.swift in Sources */ = {isa = PBXBuildFile; fileRef = 0FD094AB226E370B00E53A07 /* NearestViewController.swift */; };
		0FD32DCB227076C40092D6FC /* ProfileInfo.swift in Sources */ = {isa = PBXBuildFile; fileRef = 0FD32DCA227076C40092D6FC /* ProfileInfo.swift */; };
		0FDA55D32225A0A000E7C889 /* NSDictionaryToDictionary.swift in Sources */ = {isa = PBXBuildFile; fileRef = 0FDA55D22225A0A000E7C889 /* NSDictionaryToDictionary.swift */; };
		0FDA55D52225C02800E7C889 /* Catagory.swift in Sources */ = {isa = PBXBuildFile; fileRef = 0FDA55D42225C02800E7C889 /* Catagory.swift */; };
		0FDA55D722260FFE00E7C889 /* GroupViewController.swift in Sources */ = {isa = PBXBuildFile; fileRef = 0FDA55D622260FFE00E7C889 /* GroupViewController.swift */; };
		0FE8B9A9220355F000C868C3 /* AppDelegate.swift in Sources */ = {isa = PBXBuildFile; fileRef = 0FE8B9A8220355F000C868C3 /* AppDelegate.swift */; };
		0FE8B9AB220355F000C868C3 /* LoginViewController.swift in Sources */ = {isa = PBXBuildFile; fileRef = 0FE8B9AA220355F000C868C3 /* LoginViewController.swift */; };
		0FE8B9AE220355F000C868C3 /* Main.storyboard in Resources */ = {isa = PBXBuildFile; fileRef = 0FE8B9AC220355F000C868C3 /* Main.storyboard */; };
		0FE8B9B0220355F100C868C3 /* Assets.xcassets in Resources */ = {isa = PBXBuildFile; fileRef = 0FE8B9AF220355F100C868C3 /* Assets.xcassets */; };
		0FE8B9B3220355F100C868C3 /* LaunchScreen.storyboard in Resources */ = {isa = PBXBuildFile; fileRef = 0FE8B9B1220355F100C868C3 /* LaunchScreen.storyboard */; };
		0FE8B9BE220355F200C868C3 /* SepantaTests.swift in Sources */ = {isa = PBXBuildFile; fileRef = 0FE8B9BD220355F200C868C3 /* SepantaTests.swift */; };
		0FE8B9C9220355F200C868C3 /* SepantaUITests.swift in Sources */ = {isa = PBXBuildFile; fileRef = 0FE8B9C8220355F200C868C3 /* SepantaUITests.swift */; };
		0FE8BA022204CE8200C868C3 /* CustomWidgets.swift in Sources */ = {isa = PBXBuildFile; fileRef = 0FE8BA012204CE8200C868C3 /* CustomWidgets.swift */; };
		0FE8BA042205082100C868C3 /* SMSConfirmViewController.swift in Sources */ = {isa = PBXBuildFile; fileRef = 0FE8BA032205082100C868C3 /* SMSConfirmViewController.swift */; };
		0FE8BA062205239E00C868C3 /* HomeViewController.swift in Sources */ = {isa = PBXBuildFile; fileRef = 0FE8BA052205239E00C868C3 /* HomeViewController.swift */; };
		0FF55AB1227B49CE0093DEE0 /* Shop.storyboard in Resources */ = {isa = PBXBuildFile; fileRef = 0FF55AB0227B49CE0093DEE0 /* Shop.storyboard */; };
		0FF55AB3227B4C790093DEE0 /* EditShopViewController.swift in Sources */ = {isa = PBXBuildFile; fileRef = 0FF55AB2227B4C790093DEE0 /* EditShopViewController.swift */; };
		0FF55AB5227B4CFA0093DEE0 /* EditShopUI.swift in Sources */ = {isa = PBXBuildFile; fileRef = 0FF55AB4227B4CFA0093DEE0 /* EditShopUI.swift */; };
		0FFCDC4C226C795B0087BFEF /* FavListDataSource.swift in Sources */ = {isa = PBXBuildFile; fileRef = 0FFCDC4B226C795B0087BFEF /* FavListDataSource.swift */; };
		0FFCDC4E226C91A00087BFEF /* NotificationsViewController.swift in Sources */ = {isa = PBXBuildFile; fileRef = 0FFCDC4D226C91A00087BFEF /* NotificationsViewController.swift */; };
		0FFCDC52226C955F0087BFEF /* Notifications.storyboard in Resources */ = {isa = PBXBuildFile; fileRef = 0FFCDC51226C955F0087BFEF /* Notifications.storyboard */; };
		0FFCDC54226CA96F0087BFEF /* Notifications.swift in Sources */ = {isa = PBXBuildFile; fileRef = 0FFCDC53226CA96F0087BFEF /* Notifications.swift */; };
		0FFCF614221811FC0040A7DC /* Spinner.swift in Sources */ = {isa = PBXBuildFile; fileRef = 0FFCF613221811FC0040A7DC /* Spinner.swift */; };
		B94E411064EDD6ECB47C43F7 /* libPods-Sepanta.a in Frameworks */ = {isa = PBXBuildFile; fileRef = D37D8EF9355EA00873B2EE55 /* libPods-Sepanta.a */; };
		FFAF0D1985C94CA878D9402B /* libPods-SepantaTests.a in Frameworks */ = {isa = PBXBuildFile; fileRef = 6C05E9B6E581875EFEE60FA1 /* libPods-SepantaTests.a */; };
/* End PBXBuildFile section */

/* Begin PBXContainerItemProxy section */
		0FE8B9BA220355F200C868C3 /* PBXContainerItemProxy */ = {
			isa = PBXContainerItemProxy;
			containerPortal = 0FE8B99D220355F000C868C3 /* Project object */;
			proxyType = 1;
			remoteGlobalIDString = 0FE8B9A4220355F000C868C3;
			remoteInfo = Sepanta;
		};
		0FE8B9C5220355F200C868C3 /* PBXContainerItemProxy */ = {
			isa = PBXContainerItemProxy;
			containerPortal = 0FE8B99D220355F000C868C3 /* Project object */;
			proxyType = 1;
			remoteGlobalIDString = 0FE8B9A4220355F000C868C3;
			remoteInfo = Sepanta;
		};
/* End PBXContainerItemProxy section */

/* Begin PBXFileReference section */
		0F052ED8221AE8C5009175EA /* LoginKey.swift */ = {isa = PBXFileReference; lastKnownFileType = sourcecode.swift; path = LoginKey.swift; sourceTree = "<group>"; };
		0F052EDA221C0790009175EA /* HomeCoordinator.swift */ = {isa = PBXFileReference; lastKnownFileType = sourcecode.swift; path = HomeCoordinator.swift; sourceTree = "<group>"; };
		0F05600F227F811F005F7BCE /* RateView.swift */ = {isa = PBXFileReference; lastKnownFileType = sourcecode.swift; path = RateView.swift; sourceTree = "<group>"; };
		0F056011227F92BC005F7BCE /* Rate.swift */ = {isa = PBXFileReference; lastKnownFileType = sourcecode.swift; path = Rate.swift; sourceTree = "<group>"; };
		0F0661AC2257E62400A83734 /* SepantaGroupsSubscription.swift */ = {isa = PBXFileReference; lastKnownFileType = sourcecode.swift; path = SepantaGroupsSubscription.swift; sourceTree = "<group>"; };
		0F0661AF225BE98100A83734 /* PostViewController.swift */ = {isa = PBXFileReference; lastKnownFileType = sourcecode.swift; path = PostViewController.swift; sourceTree = "<group>"; };
		0F0661B1225BEA6A00A83734 /* PostUI.swift */ = {isa = PBXFileReference; lastKnownFileType = sourcecode.swift; path = PostUI.swift; sourceTree = "<group>"; };
		0F0661B3225BF93E00A83734 /* Comment.swift */ = {isa = PBXFileReference; lastKnownFileType = sourcecode.swift; path = Comment.swift; sourceTree = "<group>"; };
		0F066F92222B198900C8871C /* UIColorFromHex.swift */ = {isa = PBXFileReference; lastKnownFileType = sourcecode.swift; path = UIColorFromHex.swift; sourceTree = "<group>"; };
		0F066F94222B19AB00C8871C /* UIViewRotate.swift */ = {isa = PBXFileReference; lastKnownFileType = sourcecode.swift; path = UIViewRotate.swift; sourceTree = "<group>"; };
		0F066F98222C22EE00C8871C /* MenuController.swift */ = {isa = PBXFileReference; lastKnownFileType = sourcecode.swift; path = MenuController.swift; sourceTree = "<group>"; };
		0F066F9C222C2D5600C8871C /* MenuPopUpConfiguration.swift */ = {isa = PBXFileReference; lastKnownFileType = sourcecode.swift; path = MenuPopUpConfiguration.swift; sourceTree = "<group>"; };
		0F066F9E222C704B00C8871C /* MenuViewController.swift */ = {isa = PBXFileReference; lastKnownFileType = sourcecode.swift; path = MenuViewController.swift; sourceTree = "<group>"; };
		0F1B755A223580C80087C0DB /* ShopsListDataSource.swift */ = {isa = PBXFileReference; lastKnownFileType = sourcecode.swift; path = ShopsListDataSource.swift; sourceTree = "<group>"; };
		0F1B755C2235C1080087C0DB /* SlidesAndPaths.swift */ = {isa = PBXFileReference; lastKnownFileType = sourcecode.swift; path = SlidesAndPaths.swift; sourceTree = "<group>"; };
		0F1B755E2235C8460087C0DB /* Slide.swift */ = {isa = PBXFileReference; lastKnownFileType = sourcecode.swift; path = Slide.swift; sourceTree = "<group>"; };
		0F1B75602236BA610087C0DB /* CacheManager.swift */ = {isa = PBXFileReference; lastKnownFileType = sourcecode.swift; path = CacheManager.swift; sourceTree = "<group>"; };
		0F1B75622236E39B0087C0DB /* ShopViewController.swift */ = {isa = PBXFileReference; lastKnownFileType = sourcecode.swift; path = ShopViewController.swift; sourceTree = "<group>"; };
		0F1B75642236E42A0087C0DB /* ShopUI.swift */ = {isa = PBXFileReference; lastKnownFileType = sourcecode.swift; path = ShopUI.swift; sourceTree = "<group>"; };
		0F1B75682238498E0087C0DB /* CacheImageForViews.swift */ = {isa = PBXFileReference; lastKnownFileType = sourcecode.swift; path = CacheImageForViews.swift; sourceTree = "<group>"; };
		0F237E1E2267654B004CC7BC /* SearchViewController.swift */ = {isa = PBXFileReference; lastKnownFileType = sourcecode.swift; path = SearchViewController.swift; sourceTree = "<group>"; };
		0F237E3E226783C9004CC7BC /* Shabnam-Light-FD.ttf */ = {isa = PBXFileReference; lastKnownFileType = file; path = "Shabnam-Light-FD.ttf"; sourceTree = "<group>"; };
		0F3197B22270BD8F00CEF207 /* Bank.swift */ = {isa = PBXFileReference; lastKnownFileType = sourcecode.swift; path = Bank.swift; sourceTree = "<group>"; };
		0F3BDD0B228649BE0087EA97 /* terms.rtf */ = {isa = PBXFileReference; fileEncoding = 4; lastKnownFileType = text.rtf; path = terms.rtf; sourceTree = "<group>"; };
		0F3BDD0D22864A120087EA97 /* VersionControl.swift */ = {isa = PBXFileReference; lastKnownFileType = sourcecode.swift; path = VersionControl.swift; sourceTree = "<group>"; };
		0F4C8EB4227FB21F00E35F8B /* FilterView.swift */ = {isa = PBXFileReference; lastKnownFileType = sourcecode.swift; path = FilterView.swift; sourceTree = "<group>"; };
		0F4D29E32267617100BFD425 /* Search.storyboard */ = {isa = PBXFileReference; lastKnownFileType = file.storyboard; path = Search.storyboard; sourceTree = "<group>"; };
		0F50AE71226F61110028D8B6 /* MapAnnotation.swift */ = {isa = PBXFileReference; lastKnownFileType = sourcecode.swift; path = MapAnnotation.swift; sourceTree = "<group>"; };
		0F50AE73226F66950028D8B6 /* MapViewAnnotations.swift */ = {isa = PBXFileReference; lastKnownFileType = sourcecode.swift; path = MapViewAnnotations.swift; sourceTree = "<group>"; };
		0F512C042205B5C300B99C9E /* SignupViewController.swift */ = {isa = PBXFileReference; lastKnownFileType = sourcecode.swift; path = SignupViewController.swift; sourceTree = "<group>"; };
		0F58927B2278F65E0077B655 /* UserPoints.swift */ = {isa = PBXFileReference; lastKnownFileType = sourcecode.swift; path = UserPoints.swift; sourceTree = "<group>"; };
		0F58927D227909080077B655 /* ScoresViewController.swift */ = {isa = PBXFileReference; lastKnownFileType = sourcecode.swift; path = ScoresViewController.swift; sourceTree = "<group>"; };
		0F58927F22790B210077B655 /* Scores.storyboard */ = {isa = PBXFileReference; lastKnownFileType = file.storyboard; path = Scores.storyboard; sourceTree = "<group>"; };
		0F63F70F2277625E00799C8F /* ContactAboutUS.storyboard */ = {isa = PBXFileReference; lastKnownFileType = file.storyboard; path = ContactAboutUS.storyboard; sourceTree = "<group>"; };
		0F63F7132277690100799C8F /* ContactUSUI.swift */ = {isa = PBXFileReference; lastKnownFileType = sourcecode.swift; path = ContactUSUI.swift; sourceTree = "<group>"; };
		0F63F71522776A5400799C8F /* ContactUSViewController.swift */ = {isa = PBXFileReference; lastKnownFileType = sourcecode.swift; path = ContactUSViewController.swift; sourceTree = "<group>"; };
		0F63F7172278947A00799C8F /* ContactUSEmoji.swift */ = {isa = PBXFileReference; lastKnownFileType = sourcecode.swift; path = ContactUSEmoji.swift; sourceTree = "<group>"; };
		0F63F7192278A25700799C8F /* StringSlice.swift */ = {isa = PBXFileReference; lastKnownFileType = sourcecode.swift; path = StringSlice.swift; sourceTree = "<group>"; };
		0F63F71B2278B65800799C8F /* NewCardView.xib */ = {isa = PBXFileReference; lastKnownFileType = file.xib; path = NewCardView.xib; sourceTree = "<group>"; };
		0F63F71D2278BBDC00799C8F /* NewCardView.swift */ = {isa = PBXFileReference; lastKnownFileType = sourcecode.swift; path = NewCardView.swift; sourceTree = "<group>"; };
		0F63F71F2278BDF200799C8F /* NewCardViewController.swift */ = {isa = PBXFileReference; lastKnownFileType = sourcecode.swift; path = NewCardViewController.swift; sourceTree = "<group>"; };
		0F63F7212278BE8000799C8F /* NewCard.storyboard */ = {isa = PBXFileReference; lastKnownFileType = file.storyboard; path = NewCard.storyboard; sourceTree = "<group>"; };
		0F63F7232278EE8500799C8F /* UIImageSetShadow.swift */ = {isa = PBXFileReference; lastKnownFileType = sourcecode.swift; path = UIImageSetShadow.swift; sourceTree = "<group>"; };
		0F642B92227A415A00B887B8 /* Post.storyboard */ = {isa = PBXFileReference; lastKnownFileType = file.storyboard; path = Post.storyboard; sourceTree = "<group>"; };
		0F642B94227A418100B887B8 /* AddPostViewController.swift */ = {isa = PBXFileReference; lastKnownFileType = sourcecode.swift; path = AddPostViewController.swift; sourceTree = "<group>"; };
		0F642B96227A4D7D00B887B8 /* ImagePicker.swift */ = {isa = PBXFileReference; lastKnownFileType = sourcecode.swift; path = ImagePicker.swift; sourceTree = "<group>"; };
		0F642B98227A525700B887B8 /* AddPostImagePicker.swift */ = {isa = PBXFileReference; lastKnownFileType = sourcecode.swift; path = AddPostImagePicker.swift; sourceTree = "<group>"; };
		0F673454227A149C0064EF96 /* SignUPUI.swift */ = {isa = PBXFileReference; lastKnownFileType = sourcecode.swift; path = SignUPUI.swift; sourceTree = "<group>"; };
		0F67F759224CD00300659842 /* Post.swift */ = {isa = PBXFileReference; lastKnownFileType = sourcecode.swift; path = Post.swift; sourceTree = "<group>"; };
		0F6EC4662231751E0078136C /* StringWithFontSizeCalc.swift */ = {isa = PBXFileReference; lastKnownFileType = sourcecode.swift; path = StringWithFontSizeCalc.swift; sourceTree = "<group>"; };
		0F6F39C222078DC900393CD7 /* Alamofire.framework */ = {isa = PBXFileReference; lastKnownFileType = wrapper.framework; name = Alamofire.framework; path = Carthage/Build/iOS/Alamofire.framework; sourceTree = "<group>"; };
		0F6F39C722079FB600393CD7 /* SwiftyJSON.framework */ = {isa = PBXFileReference; lastKnownFileType = wrapper.framework; name = SwiftyJSON.framework; path = Carthage/Build/iOS/SwiftyJSON.framework; sourceTree = "<group>"; };
		0F70A645226B8ABB0020C33C /* Sepanta-Bridging-Header.h */ = {isa = PBXFileReference; lastKnownFileType = sourcecode.c.h; path = "Sepanta-Bridging-Header.h"; sourceTree = "<group>"; };
		0F70A646226B97650020C33C /* EditProfileImagePicker.swift */ = {isa = PBXFileReference; lastKnownFileType = sourcecode.swift; path = EditProfileImagePicker.swift; sourceTree = "<group>"; };
		0F70A648226BC7BF0020C33C /* ProfileInfoWrapper.swift */ = {isa = PBXFileReference; lastKnownFileType = sourcecode.swift; path = ProfileInfoWrapper.swift; sourceTree = "<group>"; };
		0F71A38A2231924000F4EB6B /* UIViewControllerWithKeyboardNotification.swift */ = {isa = PBXFileReference; lastKnownFileType = sourcecode.swift; path = UIViewControllerWithKeyboardNotification.swift; sourceTree = "<group>"; };
		0F71A38E22319A2000F4EB6B /* Alert.swift */ = {isa = PBXFileReference; lastKnownFileType = sourcecode.swift; path = Alert.swift; sourceTree = "<group>"; };
		0F79BBA02285C4C000795AE0 /* Login.storyboard */ = {isa = PBXFileReference; lastKnownFileType = file.storyboard; path = Login.storyboard; sourceTree = "<group>"; };
		0F79BBA32285C6C100795AE0 /* SepantaGroup.storyboard */ = {isa = PBXFileReference; lastKnownFileType = file.storyboard; path = SepantaGroup.storyboard; sourceTree = "<group>"; };
		0F79BBA52285C75E00795AE0 /* Profile.storyboard */ = {isa = PBXFileReference; lastKnownFileType = file.storyboard; path = Profile.storyboard; sourceTree = "<group>"; };
		0F79BBA72285CA5700795AE0 /* GetRich.storyboard */ = {isa = PBXFileReference; lastKnownFileType = file.storyboard; path = GetRich.storyboard; sourceTree = "<group>"; };
		0F79BBA92285CD4900795AE0 /* FavListViewController.swift */ = {isa = PBXFileReference; lastKnownFileType = sourcecode.swift; path = FavListViewController.swift; sourceTree = "<group>"; };
		0F79BBAB2285D36B00795AE0 /* ShopSectionData.swift */ = {isa = PBXFileReference; lastKnownFileType = sourcecode.swift; path = ShopSectionData.swift; sourceTree = "<group>"; };
		0F79BBAF2285DC0500795AE0 /* ReportPostView.swift */ = {isa = PBXFileReference; lastKnownFileType = sourcecode.swift; path = ReportPostView.swift; sourceTree = "<group>"; };
		0F79BBB422863E3E00795AE0 /* TermsView.xib */ = {isa = PBXFileReference; lastKnownFileType = file.xib; path = TermsView.xib; sourceTree = "<group>"; };
		0F79BBB6228641DC00795AE0 /* TermsView.swift */ = {isa = PBXFileReference; lastKnownFileType = sourcecode.swift; path = TermsView.swift; sourceTree = "<group>"; };
		0F7FDA7C2205FAFE00703792 /* AlwaysShowPopup.swift */ = {isa = PBXFileReference; lastKnownFileType = sourcecode.swift; path = AlwaysShowPopup.swift; sourceTree = "<group>"; };
		0F7FDA7E2206069300703792 /* ArrayChoiceTableViewController.swift */ = {isa = PBXFileReference; lastKnownFileType = sourcecode.swift; path = ArrayChoiceTableViewController.swift; sourceTree = "<group>"; };
		0F817A662232D89C00F1738E /* ProfileViewController.swift */ = {isa = PBXFileReference; lastKnownFileType = sourcecode.swift; path = ProfileViewController.swift; sourceTree = "<group>"; };
		0F817A6822341D8E00F1738E /* ShowProfileUI.swift */ = {isa = PBXFileReference; lastKnownFileType = sourcecode.swift; path = ShowProfileUI.swift; sourceTree = "<group>"; };
		0F817A6A2234635A00F1738E /* EditProfileViewController.swift */ = {isa = PBXFileReference; lastKnownFileType = sourcecode.swift; path = EditProfileViewController.swift; sourceTree = "<group>"; };
		0F817A6C22346BAF00F1738E /* EditProfileUI.swift */ = {isa = PBXFileReference; lastKnownFileType = sourcecode.swift; path = EditProfileUI.swift; sourceTree = "<group>"; };
		0F817A6E22354F8600F1738E /* Profile.swift */ = {isa = PBXFileReference; lastKnownFileType = sourcecode.swift; path = Profile.swift; sourceTree = "<group>"; };
		0F817A70223567E200F1738E /* ShopsListViewController.swift */ = {isa = PBXFileReference; lastKnownFileType = sourcecode.swift; path = ShopsListViewController.swift; sourceTree = "<group>"; };
		0F8571EF225CC5B50056D062 /* UIViewControllerWithErrorBar.swift */ = {isa = PBXFileReference; lastKnownFileType = sourcecode.swift; path = UIViewControllerWithErrorBar.swift; sourceTree = "<group>"; };
		0F890CFD2214B4CD0091FA2E /* Coordinator.swift */ = {isa = PBXFileReference; lastKnownFileType = sourcecode.swift; path = Coordinator.swift; sourceTree = "<group>"; };
		0F890CFF2214B4E90091FA2E /* Storyboarded.swift */ = {isa = PBXFileReference; lastKnownFileType = sourcecode.swift; path = Storyboarded.swift; sourceTree = "<group>"; };
		0F890D012214B5310091FA2E /* AppCoordinator.swift */ = {isa = PBXFileReference; lastKnownFileType = sourcecode.swift; path = AppCoordinator.swift; sourceTree = "<group>"; };
		0F890D0D2215C7170091FA2E /* NetworkManager.swift */ = {isa = PBXFileReference; lastKnownFileType = sourcecode.swift; path = NetworkManager.swift; sourceTree = "<group>"; };
		0F890D112215D21C0091FA2E /* JSONParser.swift */ = {isa = PBXFileReference; lastKnownFileType = sourcecode.swift; path = JSONParser.swift; sourceTree = "<group>"; };
		0F8B7D412267874600EFAACD /* Shabnam-Bold-FD.ttf */ = {isa = PBXFileReference; lastKnownFileType = file; path = "Shabnam-Bold-FD.ttf"; sourceTree = "<group>"; };
		0F8B7D422267874800EFAACD /* Shabnam-FD.ttf */ = {isa = PBXFileReference; lastKnownFileType = file; path = "Shabnam-FD.ttf"; sourceTree = "<group>"; };
		0F8B7D45226789A800EFAACD /* ShopSearchResult.swift */ = {isa = PBXFileReference; lastKnownFileType = sourcecode.swift; path = ShopSearchResult.swift; sourceTree = "<group>"; };
		0F8E3F6F2275CCF300E51B17 /* CardView.swift */ = {isa = PBXFileReference; lastKnownFileType = sourcecode.swift; path = CardView.swift; sourceTree = "<group>"; };
		0F8E3F712275CD4200E51B17 /* CardView.xib */ = {isa = PBXFileReference; lastKnownFileType = file.xib; path = CardView.xib; sourceTree = "<group>"; };
		0F984E28220B727B004AFB06 /* SepantaGroupsViewController.swift */ = {isa = PBXFileReference; lastKnownFileType = sourcecode.swift; path = SepantaGroupsViewController.swift; sourceTree = "<group>"; };
		0F997396227BB84600A65716 /* MainImageForShopImagePicker.swift */ = {isa = PBXFileReference; lastKnownFileType = sourcecode.swift; path = MainImageForShopImagePicker.swift; sourceTree = "<group>"; };
		0F997398227BBAA400A65716 /* LogoImageForShopImagePicker.swift */ = {isa = PBXFileReference; lastKnownFileType = sourcecode.swift; path = LogoImageForShopImagePicker.swift; sourceTree = "<group>"; };
		0F9BCFC42221FCCF00C87706 /* SlideControl.swift */ = {isa = PBXFileReference; lastKnownFileType = sourcecode.swift; path = SlideControl.swift; sourceTree = "<group>"; };
		0F9BCFC7222317E900C87706 /* SepantaGroupButtons.swift */ = {isa = PBXFileReference; lastKnownFileType = sourcecode.swift; path = SepantaGroupButtons.swift; sourceTree = "<group>"; };
		0FA307DD222700B100EDA829 /* Shop.swift */ = {isa = PBXFileReference; lastKnownFileType = sourcecode.swift; path = Shop.swift; sourceTree = "<group>"; };
		0FA307DF2227330700EDA829 /* EnglishNumbersToPersian.swift */ = {isa = PBXFileReference; lastKnownFileType = sourcecode.swift; path = EnglishNumbersToPersian.swift; sourceTree = "<group>"; };
		0FAE1FF2226332D20043B077 /* CreditCard.swift */ = {isa = PBXFileReference; lastKnownFileType = sourcecode.swift; path = CreditCard.swift; sourceTree = "<group>"; };
		0FAE1FF42265BAC70043B077 /* UIButtonDisEnable.swift */ = {isa = PBXFileReference; lastKnownFileType = sourcecode.swift; path = UIButtonDisEnable.swift; sourceTree = "<group>"; };
		0FAE1FFE226745780043B077 /* XIBView.swift */ = {isa = PBXFileReference; lastKnownFileType = sourcecode.swift; path = XIBView.swift; sourceTree = "<group>"; };
		0FAEEDE4222F29C600A9178F /* GetRichUI.swift */ = {isa = PBXFileReference; lastKnownFileType = sourcecode.swift; path = GetRichUI.swift; sourceTree = "<group>"; };
		0FAEEDE62230949C00A9178F /* AboutUsViewController.swift */ = {isa = PBXFileReference; lastKnownFileType = sourcecode.swift; path = AboutUsViewController.swift; sourceTree = "<group>"; };
		0FAEEDE82230957100A9178F /* AboutUsUI.swift */ = {isa = PBXFileReference; lastKnownFileType = sourcecode.swift; path = AboutUsUI.swift; sourceTree = "<group>"; };
		0FB3ECCF222C8AF8009A89F7 /* MenuCoordinator.swift */ = {isa = PBXFileReference; lastKnownFileType = sourcecode.swift; path = MenuCoordinator.swift; sourceTree = "<group>"; };
		0FB3ECD1222DC48F009A89F7 /* GetRichViewController.swift */ = {isa = PBXFileReference; lastKnownFileType = sourcecode.swift; path = GetRichViewController.swift; sourceTree = "<group>"; };
		0FD094A9226E34C600E53A07 /* Map.storyboard */ = {isa = PBXFileReference; lastKnownFileType = file.storyboard; path = Map.storyboard; sourceTree = "<group>"; };
		0FD094AB226E370B00E53A07 /* NearestViewController.swift */ = {isa = PBXFileReference; lastKnownFileType = sourcecode.swift; path = NearestViewController.swift; sourceTree = "<group>"; };
		0FD32DCA227076C40092D6FC /* ProfileInfo.swift */ = {isa = PBXFileReference; lastKnownFileType = sourcecode.swift; path = ProfileInfo.swift; sourceTree = "<group>"; };
		0FD7BEB922120820007B7244 /* FirebaseInstanceID.framework */ = {isa = PBXFileReference; lastKnownFileType = wrapper.framework; name = FirebaseInstanceID.framework; path = Pods/FirebaseInstanceID/Frameworks/FirebaseInstanceID.framework; sourceTree = "<group>"; };
		0FD7BEBB221208A4007B7244 /* FirebaseCore.framework */ = {isa = PBXFileReference; lastKnownFileType = wrapper.framework; name = FirebaseCore.framework; path = Pods/FirebaseCore/Frameworks/FirebaseCore.framework; sourceTree = "<group>"; };
		0FDA55D22225A0A000E7C889 /* NSDictionaryToDictionary.swift */ = {isa = PBXFileReference; lastKnownFileType = sourcecode.swift; path = NSDictionaryToDictionary.swift; sourceTree = "<group>"; };
		0FDA55D42225C02800E7C889 /* Catagory.swift */ = {isa = PBXFileReference; lastKnownFileType = sourcecode.swift; path = Catagory.swift; sourceTree = "<group>"; };
		0FDA55D622260FFE00E7C889 /* GroupViewController.swift */ = {isa = PBXFileReference; lastKnownFileType = sourcecode.swift; path = GroupViewController.swift; sourceTree = "<group>"; };
		0FE8B9A5220355F000C868C3 /* Sepanta.app */ = {isa = PBXFileReference; explicitFileType = wrapper.application; includeInIndex = 0; path = Sepanta.app; sourceTree = BUILT_PRODUCTS_DIR; };
		0FE8B9A8220355F000C868C3 /* AppDelegate.swift */ = {isa = PBXFileReference; lastKnownFileType = sourcecode.swift; path = AppDelegate.swift; sourceTree = "<group>"; };
		0FE8B9AA220355F000C868C3 /* LoginViewController.swift */ = {isa = PBXFileReference; lastKnownFileType = sourcecode.swift; path = LoginViewController.swift; sourceTree = "<group>"; };
		0FE8B9AD220355F000C868C3 /* Base */ = {isa = PBXFileReference; lastKnownFileType = file.storyboard; name = Base; path = Base.lproj/Main.storyboard; sourceTree = "<group>"; };
		0FE8B9AF220355F100C868C3 /* Assets.xcassets */ = {isa = PBXFileReference; lastKnownFileType = folder.assetcatalog; path = Assets.xcassets; sourceTree = "<group>"; };
		0FE8B9B2220355F100C868C3 /* Base */ = {isa = PBXFileReference; lastKnownFileType = file.storyboard; name = Base; path = Base.lproj/LaunchScreen.storyboard; sourceTree = "<group>"; };
		0FE8B9B4220355F100C868C3 /* Info.plist */ = {isa = PBXFileReference; lastKnownFileType = text.plist.xml; path = Info.plist; sourceTree = "<group>"; };
		0FE8B9B9220355F200C868C3 /* SepantaTests.xctest */ = {isa = PBXFileReference; explicitFileType = wrapper.cfbundle; includeInIndex = 0; path = SepantaTests.xctest; sourceTree = BUILT_PRODUCTS_DIR; };
		0FE8B9BD220355F200C868C3 /* SepantaTests.swift */ = {isa = PBXFileReference; lastKnownFileType = sourcecode.swift; path = SepantaTests.swift; sourceTree = "<group>"; };
		0FE8B9BF220355F200C868C3 /* Info.plist */ = {isa = PBXFileReference; lastKnownFileType = text.plist.xml; path = Info.plist; sourceTree = "<group>"; };
		0FE8B9C4220355F200C868C3 /* SepantaUITests.xctest */ = {isa = PBXFileReference; explicitFileType = wrapper.cfbundle; includeInIndex = 0; path = SepantaUITests.xctest; sourceTree = BUILT_PRODUCTS_DIR; };
		0FE8B9C8220355F200C868C3 /* SepantaUITests.swift */ = {isa = PBXFileReference; lastKnownFileType = sourcecode.swift; path = SepantaUITests.swift; sourceTree = "<group>"; };
		0FE8B9CA220355F200C868C3 /* Info.plist */ = {isa = PBXFileReference; lastKnownFileType = text.plist.xml; path = Info.plist; sourceTree = "<group>"; };
		0FE8BA012204CE8200C868C3 /* CustomWidgets.swift */ = {isa = PBXFileReference; lastKnownFileType = sourcecode.swift; path = CustomWidgets.swift; sourceTree = "<group>"; };
		0FE8BA032205082100C868C3 /* SMSConfirmViewController.swift */ = {isa = PBXFileReference; lastKnownFileType = sourcecode.swift; path = SMSConfirmViewController.swift; sourceTree = "<group>"; };
		0FE8BA052205239E00C868C3 /* HomeViewController.swift */ = {isa = PBXFileReference; lastKnownFileType = sourcecode.swift; path = HomeViewController.swift; sourceTree = "<group>"; };
		0FF55AB0227B49CE0093DEE0 /* Shop.storyboard */ = {isa = PBXFileReference; lastKnownFileType = file.storyboard; path = Shop.storyboard; sourceTree = "<group>"; };
		0FF55AB2227B4C790093DEE0 /* EditShopViewController.swift */ = {isa = PBXFileReference; lastKnownFileType = sourcecode.swift; path = EditShopViewController.swift; sourceTree = "<group>"; };
		0FF55AB4227B4CFA0093DEE0 /* EditShopUI.swift */ = {isa = PBXFileReference; lastKnownFileType = sourcecode.swift; path = EditShopUI.swift; sourceTree = "<group>"; };
		0FFCDC4B226C795B0087BFEF /* FavListDataSource.swift */ = {isa = PBXFileReference; lastKnownFileType = sourcecode.swift; path = FavListDataSource.swift; sourceTree = "<group>"; };
		0FFCDC4D226C91A00087BFEF /* NotificationsViewController.swift */ = {isa = PBXFileReference; lastKnownFileType = sourcecode.swift; path = NotificationsViewController.swift; sourceTree = "<group>"; };
		0FFCDC51226C955F0087BFEF /* Notifications.storyboard */ = {isa = PBXFileReference; lastKnownFileType = file.storyboard; path = Notifications.storyboard; sourceTree = "<group>"; };
		0FFCDC53226CA96F0087BFEF /* Notifications.swift */ = {isa = PBXFileReference; lastKnownFileType = sourcecode.swift; path = Notifications.swift; sourceTree = "<group>"; };
		0FFCF613221811FC0040A7DC /* Spinner.swift */ = {isa = PBXFileReference; lastKnownFileType = sourcecode.swift; path = Spinner.swift; sourceTree = "<group>"; };
		190BC7277F7151DCE26F7E0F /* Pods-SepantaTests.debug.xcconfig */ = {isa = PBXFileReference; includeInIndex = 1; lastKnownFileType = text.xcconfig; name = "Pods-SepantaTests.debug.xcconfig"; path = "Target Support Files/Pods-SepantaTests/Pods-SepantaTests.debug.xcconfig"; sourceTree = "<group>"; };
		5F42A23EF520BF93C6F192BB /* Pods-Sepanta.debug.xcconfig */ = {isa = PBXFileReference; includeInIndex = 1; lastKnownFileType = text.xcconfig; name = "Pods-Sepanta.debug.xcconfig"; path = "Target Support Files/Pods-Sepanta/Pods-Sepanta.debug.xcconfig"; sourceTree = "<group>"; };
		5FDD1C97609FE59B7DE39973 /* Pods-SepantaTests.release.xcconfig */ = {isa = PBXFileReference; includeInIndex = 1; lastKnownFileType = text.xcconfig; name = "Pods-SepantaTests.release.xcconfig"; path = "Target Support Files/Pods-SepantaTests/Pods-SepantaTests.release.xcconfig"; sourceTree = "<group>"; };
		6C05E9B6E581875EFEE60FA1 /* libPods-SepantaTests.a */ = {isa = PBXFileReference; explicitFileType = archive.ar; includeInIndex = 0; path = "libPods-SepantaTests.a"; sourceTree = BUILT_PRODUCTS_DIR; };
		B91029E76512835684482EFD /* Pods-Sepanta.release.xcconfig */ = {isa = PBXFileReference; includeInIndex = 1; lastKnownFileType = text.xcconfig; name = "Pods-Sepanta.release.xcconfig"; path = "Target Support Files/Pods-Sepanta/Pods-Sepanta.release.xcconfig"; sourceTree = "<group>"; };
		D37D8EF9355EA00873B2EE55 /* libPods-Sepanta.a */ = {isa = PBXFileReference; explicitFileType = archive.ar; includeInIndex = 0; path = "libPods-Sepanta.a"; sourceTree = BUILT_PRODUCTS_DIR; };
/* End PBXFileReference section */

/* Begin PBXFrameworksBuildPhase section */
		0FE8B9A2220355F000C868C3 /* Frameworks */ = {
			isa = PBXFrameworksBuildPhase;
			buildActionMask = 2147483647;
			files = (
				B94E411064EDD6ECB47C43F7 /* libPods-Sepanta.a in Frameworks */,
			);
			runOnlyForDeploymentPostprocessing = 0;
		};
		0FE8B9B6220355F200C868C3 /* Frameworks */ = {
			isa = PBXFrameworksBuildPhase;
			buildActionMask = 2147483647;
			files = (
				FFAF0D1985C94CA878D9402B /* libPods-SepantaTests.a in Frameworks */,
			);
			runOnlyForDeploymentPostprocessing = 0;
		};
		0FE8B9C1220355F200C868C3 /* Frameworks */ = {
			isa = PBXFrameworksBuildPhase;
			buildActionMask = 2147483647;
			files = (
			);
			runOnlyForDeploymentPostprocessing = 0;
		};
/* End PBXFrameworksBuildPhase section */

/* Begin PBXGroup section */
		0F0661AE2257E7F200A83734 /* PopUp List */ = {
			isa = PBXGroup;
			children = (
				0F7FDA7C2205FAFE00703792 /* AlwaysShowPopup.swift */,
				0F066F9C222C2D5600C8871C /* MenuPopUpConfiguration.swift */,
				0F7FDA7E2206069300703792 /* ArrayChoiceTableViewController.swift */,
			);
			path = "PopUp List";
			sourceTree = "<group>";
		};
		0F1B75572235775F0087C0DB /* Login */ = {
			isa = PBXGroup;
			children = (
				0FE8B9AA220355F000C868C3 /* LoginViewController.swift */,
				0FE8BA032205082100C868C3 /* SMSConfirmViewController.swift */,
				0F512C042205B5C300B99C9E /* SignupViewController.swift */,
			);
			path = Login;
			sourceTree = "<group>";
		};
		0F1B7558223577790087C0DB /* Profile */ = {
			isa = PBXGroup;
			children = (
				0F817A662232D89C00F1738E /* ProfileViewController.swift */,
				0F817A6A2234635A00F1738E /* EditProfileViewController.swift */,
				0FF55AB2227B4C790093DEE0 /* EditShopViewController.swift */,
			);
			path = Profile;
			sourceTree = "<group>";
		};
		0F1B75592235778A0087C0DB /* Sepanta Groups */ = {
			isa = PBXGroup;
			children = (
				0FDA55D622260FFE00E7C889 /* GroupViewController.swift */,
				0F984E28220B727B004AFB06 /* SepantaGroupsViewController.swift */,
			);
			path = "Sepanta Groups";
			sourceTree = "<group>";
		};
		0F6F39C122078DC900393CD7 /* Frameworks */ = {
			isa = PBXGroup;
			children = (
				0FD7BEBB221208A4007B7244 /* FirebaseCore.framework */,
				0FD7BEB922120820007B7244 /* FirebaseInstanceID.framework */,
				0F6F39C722079FB600393CD7 /* SwiftyJSON.framework */,
				0F6F39C222078DC900393CD7 /* Alamofire.framework */,
				D37D8EF9355EA00873B2EE55 /* libPods-Sepanta.a */,
				6C05E9B6E581875EFEE60FA1 /* libPods-SepantaTests.a */,
			);
			name = Frameworks;
			sourceTree = "<group>";
		};
		0F70A644226B8AA00020C33C /* Bridge */ = {
			isa = PBXGroup;
			children = (
				0F70A645226B8ABB0020C33C /* Sepanta-Bridging-Header.h */,
			);
			path = Bridge;
			sourceTree = "<group>";
		};
		0F79BBA22285C62500795AE0 /* CreditCard */ = {
			isa = PBXGroup;
			children = (
				0F8E3F712275CD4200E51B17 /* CardView.xib */,
				0F63F71B2278B65800799C8F /* NewCardView.xib */,
				0F63F7212278BE8000799C8F /* NewCard.storyboard */,
			);
			name = CreditCard;
			sourceTree = "<group>";
		};
		0F79BBB122863D0E00795AE0 /* Misc */ = {
			isa = PBXGroup;
			children = (
				0F3BDD0B228649BE0087EA97 /* terms.rtf */,
			);
			path = Misc;
			sourceTree = "<group>";
		};
		0F890CFC2214B4B40091FA2E /* Coordinators */ = {
			isa = PBXGroup;
			children = (
				0F890CFD2214B4CD0091FA2E /* Coordinator.swift */,
				0F890D012214B5310091FA2E /* AppCoordinator.swift */,
				0F052EDA221C0790009175EA /* HomeCoordinator.swift */,
				0FB3ECCF222C8AF8009A89F7 /* MenuCoordinator.swift */,
			);
			path = Coordinators;
			sourceTree = "<group>";
		};
		0F890D072214CFAA0091FA2E /* SuperClasses and Protocols */ = {
			isa = PBXGroup;
			children = (
				0F890CFF2214B4E90091FA2E /* Storyboarded.swift */,
				0FAE1FFE226745780043B077 /* XIBView.swift */,
				0F71A38A2231924000F4EB6B /* UIViewControllerWithKeyboardNotification.swift */,
				0F8571EF225CC5B50056D062 /* UIViewControllerWithErrorBar.swift */,
			);
			path = "SuperClasses and Protocols";
			sourceTree = "<group>";
		};
		0F890D0C2215C6FD0091FA2E /* Model */ = {
			isa = PBXGroup;
			children = (
				0F890D0D2215C7170091FA2E /* NetworkManager.swift */,
				0F890D112215D21C0091FA2E /* JSONParser.swift */,
				0F3197B22270BD8F00CEF207 /* Bank.swift */,
				0FFCDC53226CA96F0087BFEF /* Notifications.swift */,
				0F1B755E2235C8460087C0DB /* Slide.swift */,
				0F052ED8221AE8C5009175EA /* LoginKey.swift */,
				0F1B755C2235C1080087C0DB /* SlidesAndPaths.swift */,
				0F3BDD0D22864A120087EA97 /* VersionControl.swift */,
				0FDA55D42225C02800E7C889 /* Catagory.swift */,
				0FA307DD222700B100EDA829 /* Shop.swift */,
				0F056011227F92BC005F7BCE /* Rate.swift */,
				0F817A6E22354F8600F1738E /* Profile.swift */,
				0F70A648226BC7BF0020C33C /* ProfileInfoWrapper.swift */,
				0FD32DCA227076C40092D6FC /* ProfileInfo.swift */,
				0FAE1FF2226332D20043B077 /* CreditCard.swift */,
				0F67F759224CD00300659842 /* Post.swift */,
				0F0661B3225BF93E00A83734 /* Comment.swift */,
				0F8B7D45226789A800EFAACD /* ShopSearchResult.swift */,
				0F1B75602236BA610087C0DB /* CacheManager.swift */,
				0F50AE71226F61110028D8B6 /* MapAnnotation.swift */,
				0F58927B2278F65E0077B655 /* UserPoints.swift */,
			);
			path = Model;
			sourceTree = "<group>";
		};
		0F890D0F2215D0CF0091FA2E /* ViewControllers */ = {
			isa = PBXGroup;
			children = (
				0F1B75592235778A0087C0DB /* Sepanta Groups */,
				0F1B7558223577790087C0DB /* Profile */,
				0F1B75572235775F0087C0DB /* Login */,
				0FAEEDE62230949C00A9178F /* AboutUsViewController.swift */,
				0F642B94227A418100B887B8 /* AddPostViewController.swift */,
				0F63F71522776A5400799C8F /* ContactUSViewController.swift */,
				0F79BBA92285CD4900795AE0 /* FavListViewController.swift */,
				0FB3ECD1222DC48F009A89F7 /* GetRichViewController.swift */,
				0FE8BA052205239E00C868C3 /* HomeViewController.swift */,
				0F066F9E222C704B00C8871C /* MenuViewController.swift */,
				0FD094AB226E370B00E53A07 /* NearestViewController.swift */,
				0F63F71F2278BDF200799C8F /* NewCardViewController.swift */,
				0FFCDC4D226C91A00087BFEF /* NotificationsViewController.swift */,
				0F0661AF225BE98100A83734 /* PostViewController.swift */,
				0F237E1E2267654B004CC7BC /* SearchViewController.swift */,
				0F58927D227909080077B655 /* ScoresViewController.swift */,
				0F817A70223567E200F1738E /* ShopsListViewController.swift */,
				0F1B75622236E39B0087C0DB /* ShopViewController.swift */,
			);
			path = ViewControllers;
			sourceTree = "<group>";
		};
		0F890D102215D0F20091FA2E /* ViewModel */ = {
			isa = PBXGroup;
			children = (
				0F0661AE2257E7F200A83734 /* PopUp List */,
				0F066F98222C22EE00C8871C /* MenuController.swift */,
				0F1B755A223580C80087C0DB /* ShopsListDataSource.swift */,
				0FFCDC4B226C795B0087BFEF /* FavListDataSource.swift */,
				0F0661AC2257E62400A83734 /* SepantaGroupsSubscription.swift */,
				0F70A646226B97650020C33C /* EditProfileImagePicker.swift */,
				0F642B98227A525700B887B8 /* AddPostImagePicker.swift */,
				0F997396227BB84600A65716 /* MainImageForShopImagePicker.swift */,
				0F997398227BBAA400A65716 /* LogoImageForShopImagePicker.swift */,
				0F642B96227A4D7D00B887B8 /* ImagePicker.swift */,
				0F63F7172278947A00799C8F /* ContactUSEmoji.swift */,
				0F79BBAB2285D36B00795AE0 /* ShopSectionData.swift */,
			);
			path = ViewModel;
			sourceTree = "<group>";
		};
		0F9BCFC6222201B600C87706 /* View */ = {
			isa = PBXGroup;
			children = (
				0FAEEDE82230957100A9178F /* AboutUsUI.swift */,
				0F8E3F6F2275CCF300E51B17 /* CardView.swift */,
				0FE8BA012204CE8200C868C3 /* CustomWidgets.swift */,
				0F63F7132277690100799C8F /* ContactUSUI.swift */,
				0F817A6C22346BAF00F1738E /* EditProfileUI.swift */,
				0FF55AB4227B4CFA0093DEE0 /* EditShopUI.swift */,
				0F4C8EB4227FB21F00E35F8B /* FilterView.swift */,
				0FAEEDE4222F29C600A9178F /* GetRichUI.swift */,
				0F50AE73226F66950028D8B6 /* MapViewAnnotations.swift */,
				0F63F71D2278BBDC00799C8F /* NewCardView.swift */,
				0F0661B1225BEA6A00A83734 /* PostUI.swift */,
				0F05600F227F811F005F7BCE /* RateView.swift */,
				0F79BBAF2285DC0500795AE0 /* ReportPostView.swift */,
				0F9BCFC7222317E900C87706 /* SepantaGroupButtons.swift */,
				0F1B75642236E42A0087C0DB /* ShopUI.swift */,
				0F817A6822341D8E00F1738E /* ShowProfileUI.swift */,
				0F673454227A149C0064EF96 /* SignUPUI.swift */,
				0F9BCFC42221FCCF00C87706 /* SlideControl.swift */,
				0FFCF613221811FC0040A7DC /* Spinner.swift */,
				0F79BBB6228641DC00795AE0 /* TermsView.swift */,
			);
			path = View;
			sourceTree = "<group>";
		};
		0FAE1FF722673F0B0043B077 /* Storyboards */ = {
			isa = PBXGroup;
			children = (
				0F79BBA22285C62500795AE0 /* CreditCard */,
				0FE8B9B1220355F100C868C3 /* LaunchScreen.storyboard */,
				0FE8B9AC220355F000C868C3 /* Main.storyboard */,
				0F4D29E32267617100BFD425 /* Search.storyboard */,
				0FFCDC51226C955F0087BFEF /* Notifications.storyboard */,
				0FD094A9226E34C600E53A07 /* Map.storyboard */,
				0F63F70F2277625E00799C8F /* ContactAboutUS.storyboard */,
				0F58927F22790B210077B655 /* Scores.storyboard */,
				0F642B92227A415A00B887B8 /* Post.storyboard */,
				0FF55AB0227B49CE0093DEE0 /* Shop.storyboard */,
				0F79BBA02285C4C000795AE0 /* Login.storyboard */,
				0F79BBA32285C6C100795AE0 /* SepantaGroup.storyboard */,
				0F79BBA52285C75E00795AE0 /* Profile.storyboard */,
				0F79BBA72285CA5700795AE0 /* GetRich.storyboard */,
				0F79BBB422863E3E00795AE0 /* TermsView.xib */,
			);
			name = Storyboards;
			sourceTree = "<group>";
		};
		0FDA55D12225A08100E7C889 /* Extensions */ = {
			isa = PBXGroup;
			children = (
				0FDA55D22225A0A000E7C889 /* NSDictionaryToDictionary.swift */,
				0F066F94222B19AB00C8871C /* UIViewRotate.swift */,
				0FA307DF2227330700EDA829 /* EnglishNumbersToPersian.swift */,
				0F63F7192278A25700799C8F /* StringSlice.swift */,
				0F066F92222B198900C8871C /* UIColorFromHex.swift */,
				0F6EC4662231751E0078136C /* StringWithFontSizeCalc.swift */,
				0F71A38E22319A2000F4EB6B /* Alert.swift */,
				0FAE1FF42265BAC70043B077 /* UIButtonDisEnable.swift */,
				0F1B75682238498E0087C0DB /* CacheImageForViews.swift */,
				0F63F7232278EE8500799C8F /* UIImageSetShadow.swift */,
			);
			path = Extensions;
			sourceTree = "<group>";
		};
		0FE8B99C220355F000C868C3 = {
			isa = PBXGroup;
			children = (
				0FE8B9A7220355F000C868C3 /* Sepanta */,
				0FE8B9BC220355F200C868C3 /* SepantaTests */,
				0FE8B9C7220355F200C868C3 /* SepantaUITests */,
				0FE8B9A6220355F000C868C3 /* Products */,
				0F6F39C122078DC900393CD7 /* Frameworks */,
				E9218B4B66C5DBC179ECCFF0 /* Pods */,
			);
			sourceTree = "<group>";
		};
		0FE8B9A6220355F000C868C3 /* Products */ = {
			isa = PBXGroup;
			children = (
				0FE8B9A5220355F000C868C3 /* Sepanta.app */,
				0FE8B9B9220355F200C868C3 /* SepantaTests.xctest */,
				0FE8B9C4220355F200C868C3 /* SepantaUITests.xctest */,
			);
			name = Products;
			sourceTree = "<group>";
		};
		0FE8B9A7220355F000C868C3 /* Sepanta */ = {
			isa = PBXGroup;
			children = (
				0F70A644226B8AA00020C33C /* Bridge */,
				0FAE1FF722673F0B0043B077 /* Storyboards */,
				0FDA55D12225A08100E7C889 /* Extensions */,
				0F9BCFC6222201B600C87706 /* View */,
				0F890D102215D0F20091FA2E /* ViewModel */,
				0F890D0F2215D0CF0091FA2E /* ViewControllers */,
				0F890D0C2215C6FD0091FA2E /* Model */,
				0F890D072214CFAA0091FA2E /* SuperClasses and Protocols */,
				0F890CFC2214B4B40091FA2E /* Coordinators */,
				0FE8B9A8220355F000C868C3 /* AppDelegate.swift */,
				0FE8B9AF220355F100C868C3 /* Assets.xcassets */,
				0FE8B9B4220355F100C868C3 /* Info.plist */,
				0F79BBB122863D0E00795AE0 /* Misc */,
				0FE8B9DA2203BCAA00C868C3 /* Fonts */,
			);
			path = Sepanta;
			sourceTree = "<group>";
		};
		0FE8B9BC220355F200C868C3 /* SepantaTests */ = {
			isa = PBXGroup;
			children = (
				0FE8B9BD220355F200C868C3 /* SepantaTests.swift */,
				0FE8B9BF220355F200C868C3 /* Info.plist */,
			);
			path = SepantaTests;
			sourceTree = "<group>";
		};
		0FE8B9C7220355F200C868C3 /* SepantaUITests */ = {
			isa = PBXGroup;
			children = (
				0FE8B9C8220355F200C868C3 /* SepantaUITests.swift */,
				0FE8B9CA220355F200C868C3 /* Info.plist */,
			);
			path = SepantaUITests;
			sourceTree = "<group>";
		};
		0FE8B9DA2203BCAA00C868C3 /* Fonts */ = {
			isa = PBXGroup;
			children = (
				0F237E3E226783C9004CC7BC /* Shabnam-Light-FD.ttf */,
				0F8B7D412267874600EFAACD /* Shabnam-Bold-FD.ttf */,
				0F8B7D422267874800EFAACD /* Shabnam-FD.ttf */,
			);
			path = Fonts;
			sourceTree = "<group>";
		};
		E9218B4B66C5DBC179ECCFF0 /* Pods */ = {
			isa = PBXGroup;
			children = (
				5F42A23EF520BF93C6F192BB /* Pods-Sepanta.debug.xcconfig */,
				B91029E76512835684482EFD /* Pods-Sepanta.release.xcconfig */,
				190BC7277F7151DCE26F7E0F /* Pods-SepantaTests.debug.xcconfig */,
				5FDD1C97609FE59B7DE39973 /* Pods-SepantaTests.release.xcconfig */,
			);
			path = Pods;
			sourceTree = "<group>";
		};
/* End PBXGroup section */

/* Begin PBXNativeTarget section */
		0FE8B9A4220355F000C868C3 /* Sepanta */ = {
			isa = PBXNativeTarget;
			buildConfigurationList = 0FE8B9CD220355F200C868C3 /* Build configuration list for PBXNativeTarget "Sepanta" */;
			buildPhases = (
				5F5CFBC2A329D0407AE42EEB /* [CP] Check Pods Manifest.lock */,
				0FE8B9A1220355F000C868C3 /* Sources */,
				0FE8B9A2220355F000C868C3 /* Frameworks */,
				0FE8B9A3220355F000C868C3 /* Resources */,
				FC66C1D6B86DF07010DB7EF4 /* [CP] Copy Pods Resources */,
			);
			buildRules = (
			);
			dependencies = (
			);
			name = Sepanta;
			productName = Sepanta;
			productReference = 0FE8B9A5220355F000C868C3 /* Sepanta.app */;
			productType = "com.apple.product-type.application";
		};
		0FE8B9B8220355F200C868C3 /* SepantaTests */ = {
			isa = PBXNativeTarget;
			buildConfigurationList = 0FE8B9D0220355F200C868C3 /* Build configuration list for PBXNativeTarget "SepantaTests" */;
			buildPhases = (
				42ADFD1418D4B76349ACF5C1 /* [CP] Check Pods Manifest.lock */,
				0FE8B9B5220355F200C868C3 /* Sources */,
				0FE8B9B6220355F200C868C3 /* Frameworks */,
				0FE8B9B7220355F200C868C3 /* Resources */,
			);
			buildRules = (
			);
			dependencies = (
				0FE8B9BB220355F200C868C3 /* PBXTargetDependency */,
			);
			name = SepantaTests;
			productName = SepantaTests;
			productReference = 0FE8B9B9220355F200C868C3 /* SepantaTests.xctest */;
			productType = "com.apple.product-type.bundle.unit-test";
		};
		0FE8B9C3220355F200C868C3 /* SepantaUITests */ = {
			isa = PBXNativeTarget;
			buildConfigurationList = 0FE8B9D3220355F200C868C3 /* Build configuration list for PBXNativeTarget "SepantaUITests" */;
			buildPhases = (
				0FE8B9C0220355F200C868C3 /* Sources */,
				0FE8B9C1220355F200C868C3 /* Frameworks */,
				0FE8B9C2220355F200C868C3 /* Resources */,
			);
			buildRules = (
			);
			dependencies = (
				0FE8B9C6220355F200C868C3 /* PBXTargetDependency */,
			);
			name = SepantaUITests;
			productName = SepantaUITests;
			productReference = 0FE8B9C4220355F200C868C3 /* SepantaUITests.xctest */;
			productType = "com.apple.product-type.bundle.ui-testing";
		};
/* End PBXNativeTarget section */

/* Begin PBXProject section */
		0FE8B99D220355F000C868C3 /* Project object */ = {
			isa = PBXProject;
			attributes = {
				LastSwiftUpdateCheck = 0930;
				LastUpgradeCheck = 0930;
				ORGANIZATIONNAME = Imzich;
				TargetAttributes = {
					0FE8B9A4220355F000C868C3 = {
						CreatedOnToolsVersion = 9.3;
						LastSwiftMigration = 0940;
					};
					0FE8B9B8220355F200C868C3 = {
						CreatedOnToolsVersion = 9.3;
						TestTargetID = 0FE8B9A4220355F000C868C3;
					};
					0FE8B9C3220355F200C868C3 = {
						CreatedOnToolsVersion = 9.3;
						TestTargetID = 0FE8B9A4220355F000C868C3;
					};
				};
			};
			buildConfigurationList = 0FE8B9A0220355F000C868C3 /* Build configuration list for PBXProject "Sepanta" */;
			compatibilityVersion = "Xcode 9.3";
			developmentRegion = en;
			hasScannedForEncodings = 0;
			knownRegions = (
				en,
				Base,
			);
			mainGroup = 0FE8B99C220355F000C868C3;
			productRefGroup = 0FE8B9A6220355F000C868C3 /* Products */;
			projectDirPath = "";
			projectRoot = "";
			targets = (
				0FE8B9A4220355F000C868C3 /* Sepanta */,
				0FE8B9B8220355F200C868C3 /* SepantaTests */,
				0FE8B9C3220355F200C868C3 /* SepantaUITests */,
			);
		};
/* End PBXProject section */

/* Begin PBXResourcesBuildPhase section */
		0FE8B9A3220355F000C868C3 /* Resources */ = {
			isa = PBXResourcesBuildPhase;
			buildActionMask = 2147483647;
			files = (
				0FE8B9B3220355F100C868C3 /* LaunchScreen.storyboard in Resources */,
				0F79BBA62285C75E00795AE0 /* Profile.storyboard in Resources */,
				0F79BBA42285C6C100795AE0 /* SepantaGroup.storyboard in Resources */,
				0FF55AB1227B49CE0093DEE0 /* Shop.storyboard in Resources */,
				0F3BDD0C228649BE0087EA97 /* terms.rtf in Resources */,
				0FE8B9B0220355F100C868C3 /* Assets.xcassets in Resources */,
				0F63F71C2278B65800799C8F /* NewCardView.xib in Resources */,
				0F8B7D432267874B00EFAACD /* Shabnam-Bold-FD.ttf in Resources */,
				0F79BBA82285CA5700795AE0 /* GetRich.storyboard in Resources */,
				0F8B7D442267874B00EFAACD /* Shabnam-FD.ttf in Resources */,
				0FE8B9AE220355F000C868C3 /* Main.storyboard in Resources */,
				0F63F7222278BE8000799C8F /* NewCard.storyboard in Resources */,
				0F79BBA12285C4C000795AE0 /* Login.storyboard in Resources */,
				0F642B93227A415A00B887B8 /* Post.storyboard in Resources */,
				0FFCDC52226C955F0087BFEF /* Notifications.storyboard in Resources */,
				0F8E3F722275CD4200E51B17 /* CardView.xib in Resources */,
				0F58928022790B210077B655 /* Scores.storyboard in Resources */,
				0FD094AA226E34C600E53A07 /* Map.storyboard in Resources */,
				0F237E41226783CF004CC7BC /* Shabnam-Light-FD.ttf in Resources */,
				0F4D29E42267617100BFD425 /* Search.storyboard in Resources */,
				0F63F7102277625E00799C8F /* ContactAboutUS.storyboard in Resources */,
				0F79BBB522863E3E00795AE0 /* TermsView.xib in Resources */,
			);
			runOnlyForDeploymentPostprocessing = 0;
		};
		0FE8B9B7220355F200C868C3 /* Resources */ = {
			isa = PBXResourcesBuildPhase;
			buildActionMask = 2147483647;
			files = (
			);
			runOnlyForDeploymentPostprocessing = 0;
		};
		0FE8B9C2220355F200C868C3 /* Resources */ = {
			isa = PBXResourcesBuildPhase;
			buildActionMask = 2147483647;
			files = (
			);
			runOnlyForDeploymentPostprocessing = 0;
		};
/* End PBXResourcesBuildPhase section */

/* Begin PBXShellScriptBuildPhase section */
		42ADFD1418D4B76349ACF5C1 /* [CP] Check Pods Manifest.lock */ = {
			isa = PBXShellScriptBuildPhase;
			buildActionMask = 2147483647;
			files = (
			);
			inputPaths = (
				"${PODS_PODFILE_DIR_PATH}/Podfile.lock",
				"${PODS_ROOT}/Manifest.lock",
			);
			name = "[CP] Check Pods Manifest.lock";
			outputPaths = (
				"$(DERIVED_FILE_DIR)/Pods-SepantaTests-checkManifestLockResult.txt",
			);
			runOnlyForDeploymentPostprocessing = 0;
			shellPath = /bin/sh;
			shellScript = "diff \"${PODS_PODFILE_DIR_PATH}/Podfile.lock\" \"${PODS_ROOT}/Manifest.lock\" > /dev/null\nif [ $? != 0 ] ; then\n    # print error to STDERR\n    echo \"error: The sandbox is not in sync with the Podfile.lock. Run 'pod install' or update your CocoaPods installation.\" >&2\n    exit 1\nfi\n# This output is used by Xcode 'outputs' to avoid re-running this script phase.\necho \"SUCCESS\" > \"${SCRIPT_OUTPUT_FILE_0}\"\n";
			showEnvVarsInLog = 0;
		};
		5F5CFBC2A329D0407AE42EEB /* [CP] Check Pods Manifest.lock */ = {
			isa = PBXShellScriptBuildPhase;
			buildActionMask = 2147483647;
			files = (
			);
			inputPaths = (
				"${PODS_PODFILE_DIR_PATH}/Podfile.lock",
				"${PODS_ROOT}/Manifest.lock",
			);
			name = "[CP] Check Pods Manifest.lock";
			outputPaths = (
				"$(DERIVED_FILE_DIR)/Pods-Sepanta-checkManifestLockResult.txt",
			);
			runOnlyForDeploymentPostprocessing = 0;
			shellPath = /bin/sh;
			shellScript = "diff \"${PODS_PODFILE_DIR_PATH}/Podfile.lock\" \"${PODS_ROOT}/Manifest.lock\" > /dev/null\nif [ $? != 0 ] ; then\n    # print error to STDERR\n    echo \"error: The sandbox is not in sync with the Podfile.lock. Run 'pod install' or update your CocoaPods installation.\" >&2\n    exit 1\nfi\n# This output is used by Xcode 'outputs' to avoid re-running this script phase.\necho \"SUCCESS\" > \"${SCRIPT_OUTPUT_FILE_0}\"\n";
			showEnvVarsInLog = 0;
		};
		FC66C1D6B86DF07010DB7EF4 /* [CP] Copy Pods Resources */ = {
			isa = PBXShellScriptBuildPhase;
			buildActionMask = 2147483647;
			files = (
			);
			inputPaths = (
				"${PODS_ROOT}/Target Support Files/Pods-Sepanta/Pods-Sepanta-resources.sh",
				"${PODS_ROOT}/RSKImageCropper/RSKImageCropper/RSKImageCropperStrings.bundle",
			);
			name = "[CP] Copy Pods Resources";
			outputPaths = (
				"${TARGET_BUILD_DIR}/${UNLOCALIZED_RESOURCES_FOLDER_PATH}/RSKImageCropperStrings.bundle",
			);
			runOnlyForDeploymentPostprocessing = 0;
			shellPath = /bin/sh;
			shellScript = "\"${PODS_ROOT}/Target Support Files/Pods-Sepanta/Pods-Sepanta-resources.sh\"\n";
			showEnvVarsInLog = 0;
		};
/* End PBXShellScriptBuildPhase section */

/* Begin PBXSourcesBuildPhase section */
		0FE8B9A1220355F000C868C3 /* Sources */ = {
			isa = PBXSourcesBuildPhase;
			buildActionMask = 2147483647;
			files = (
				0F63F7182278947A00799C8F /* ContactUSEmoji.swift in Sources */,
				0FDA55D722260FFE00E7C889 /* GroupViewController.swift in Sources */,
				0FF55AB3227B4C790093DEE0 /* EditShopViewController.swift in Sources */,
				0F817A71223567E200F1738E /* ShopsListViewController.swift in Sources */,
				0F7FDA7F2206069300703792 /* ArrayChoiceTableViewController.swift in Sources */,
				0F052ED9221AE8C5009175EA /* LoginKey.swift in Sources */,
				0F8B7D46226789A800EFAACD /* ShopSearchResult.swift in Sources */,
				0FAE1FF3226332D20043B077 /* CreditCard.swift in Sources */,
				0FFCDC4C226C795B0087BFEF /* FavListDataSource.swift in Sources */,
				0F6EC4672231751E0078136C /* StringWithFontSizeCalc.swift in Sources */,
				0F63F71A2278A25700799C8F /* StringSlice.swift in Sources */,
				0F63F71E2278BBDC00799C8F /* NewCardView.swift in Sources */,
				0F1B75632236E39B0087C0DB /* ShopViewController.swift in Sources */,
				0F066F95222B19AB00C8871C /* UIViewRotate.swift in Sources */,
				0F70A649226BC7BF0020C33C /* ProfileInfoWrapper.swift in Sources */,
				0F79BBB02285DC0500795AE0 /* ReportPostView.swift in Sources */,
				0F79BBB7228641DC00795AE0 /* TermsView.swift in Sources */,
				0FAE1FFF226745780043B077 /* XIBView.swift in Sources */,
				0F70A647226B97650020C33C /* EditProfileImagePicker.swift in Sources */,
				0F63F7242278EE8500799C8F /* UIImageSetShadow.swift in Sources */,
				0F066F93222B198900C8871C /* UIColorFromHex.swift in Sources */,
				0F1B755F2235C8460087C0DB /* Slide.swift in Sources */,
				0F71A38B2231924000F4EB6B /* UIViewControllerWithKeyboardNotification.swift in Sources */,
				0F984E29220B727B004AFB06 /* SepantaGroupsViewController.swift in Sources */,
				0F890D122215D21C0091FA2E /* JSONParser.swift in Sources */,
				0F63F7142277690100799C8F /* ContactUSUI.swift in Sources */,
				0F817A6F22354F8600F1738E /* Profile.swift in Sources */,
				0FB3ECD0222C8AF8009A89F7 /* MenuCoordinator.swift in Sources */,
				0F673455227A149C0064EF96 /* SignUPUI.swift in Sources */,
				0FAE1FF52265BAC70043B077 /* UIButtonDisEnable.swift in Sources */,
				0F1B75692238498E0087C0DB /* CacheImageForViews.swift in Sources */,
				0F0661B4225BF93E00A83734 /* Comment.swift in Sources */,
				0F066F9F222C704B00C8871C /* MenuViewController.swift in Sources */,
				0F1B75652236E42A0087C0DB /* ShopUI.swift in Sources */,
				0F237E1F2267654B004CC7BC /* SearchViewController.swift in Sources */,
				0F1B755B223580C80087C0DB /* ShopsListDataSource.swift in Sources */,
				0FB3ECD2222DC48F009A89F7 /* GetRichViewController.swift in Sources */,
				0F512C052205B5C300B99C9E /* SignupViewController.swift in Sources */,
				0F50AE72226F61110028D8B6 /* MapAnnotation.swift in Sources */,
				0F642B97227A4D7D00B887B8 /* ImagePicker.swift in Sources */,
				0F817A6B2234635A00F1738E /* EditProfileViewController.swift in Sources */,
				0F817A6922341D8E00F1738E /* ShowProfileUI.swift in Sources */,
				0FAEEDE92230957100A9178F /* AboutUsUI.swift in Sources */,
				0F817A6D22346BAF00F1738E /* EditProfileUI.swift in Sources */,
				0F67F75A224CD00300659842 /* Post.swift in Sources */,
				0F63F7202278BDF200799C8F /* NewCardViewController.swift in Sources */,
				0FE8B9AB220355F000C868C3 /* LoginViewController.swift in Sources */,
				0F642B99227A525800B887B8 /* AddPostImagePicker.swift in Sources */,
				0F8571F0225CC5B50056D062 /* UIViewControllerWithErrorBar.swift in Sources */,
				0F3197B32270BD8F00CEF207 /* Bank.swift in Sources */,
				0F7FDA7D2205FAFE00703792 /* AlwaysShowPopup.swift in Sources */,
				0F052EDB221C0790009175EA /* HomeCoordinator.swift in Sources */,
				0F8E3F702275CCF300E51B17 /* CardView.swift in Sources */,
				0FE8BA042205082100C868C3 /* SMSConfirmViewController.swift in Sources */,
				0F4C8EB5227FB21F00E35F8B /* FilterView.swift in Sources */,
				0FFCDC54226CA96F0087BFEF /* Notifications.swift in Sources */,
				0F890CFE2214B4CD0091FA2E /* Coordinator.swift in Sources */,
				0F1B755D2235C1080087C0DB /* SlidesAndPaths.swift in Sources */,
				0F056012227F92BC005F7BCE /* Rate.swift in Sources */,
				0F1B75612236BA610087C0DB /* CacheManager.swift in Sources */,
				0F3BDD0E22864A120087EA97 /* VersionControl.swift in Sources */,
				0F056010227F811F005F7BCE /* RateView.swift in Sources */,
				0FF55AB5227B4CFA0093DEE0 /* EditShopUI.swift in Sources */,
				0F997399227BBAA400A65716 /* LogoImageForShopImagePicker.swift in Sources */,
				0FE8BA062205239E00C868C3 /* HomeViewController.swift in Sources */,
				0FE8B9A9220355F000C868C3 /* AppDelegate.swift in Sources */,
				0FE8BA022204CE8200C868C3 /* CustomWidgets.swift in Sources */,
				0FA307DE222700B100EDA829 /* Shop.swift in Sources */,
				0F71A38F22319A2000F4EB6B /* Alert.swift in Sources */,
				0FDA55D32225A0A000E7C889 /* NSDictionaryToDictionary.swift in Sources */,
				0FFCDC4E226C91A00087BFEF /* NotificationsViewController.swift in Sources */,
				0FA307E02227330700EDA829 /* EnglishNumbersToPersian.swift in Sources */,
				0F79BBAC2285D36B00795AE0 /* ShopSectionData.swift in Sources */,
				0FDA55D52225C02800E7C889 /* Catagory.swift in Sources */,
				0F066F9D222C2D5600C8871C /* MenuPopUpConfiguration.swift in Sources */,
				0F066F99222C22EE00C8871C /* MenuController.swift in Sources */,
				0FD32DCB227076C40092D6FC /* ProfileInfo.swift in Sources */,
				0F0661AD2257E62400A83734 /* SepantaGroupsSubscription.swift in Sources */,
				0F58927E227909080077B655 /* ScoresViewController.swift in Sources */,
				0FAEEDE72230949C00A9178F /* AboutUsViewController.swift in Sources */,
				0F890D022214B5310091FA2E /* AppCoordinator.swift in Sources */,
				0FAEEDE5222F29C600A9178F /* GetRichUI.swift in Sources */,
				0F997397227BB84600A65716 /* MainImageForShopImagePicker.swift in Sources */,
				0F890D0E2215C7170091FA2E /* NetworkManager.swift in Sources */,
				0F9BCFC8222317E900C87706 /* SepantaGroupButtons.swift in Sources */,
				0F50AE74226F66950028D8B6 /* MapViewAnnotations.swift in Sources */,
				0F890D002214B4E90091FA2E /* Storyboarded.swift in Sources */,
				0FD094AC226E370B00E53A07 /* NearestViewController.swift in Sources */,
				0F79BBAA2285CD4900795AE0 /* FavListViewController.swift in Sources */,
				0F642B95227A418100B887B8 /* AddPostViewController.swift in Sources */,
				0F0661B2225BEA6A00A83734 /* PostUI.swift in Sources */,
				0F63F71622776A5400799C8F /* ContactUSViewController.swift in Sources */,
				0F817A672232D89C00F1738E /* ProfileViewController.swift in Sources */,
				0FFCF614221811FC0040A7DC /* Spinner.swift in Sources */,
				0F58927C2278F65E0077B655 /* UserPoints.swift in Sources */,
				0F9BCFC52221FCCF00C87706 /* SlideControl.swift in Sources */,
				0F0661B0225BE98100A83734 /* PostViewController.swift in Sources */,
			);
			runOnlyForDeploymentPostprocessing = 0;
		};
		0FE8B9B5220355F200C868C3 /* Sources */ = {
			isa = PBXSourcesBuildPhase;
			buildActionMask = 2147483647;
			files = (
				0FE8B9BE220355F200C868C3 /* SepantaTests.swift in Sources */,
			);
			runOnlyForDeploymentPostprocessing = 0;
		};
		0FE8B9C0220355F200C868C3 /* Sources */ = {
			isa = PBXSourcesBuildPhase;
			buildActionMask = 2147483647;
			files = (
				0FE8B9C9220355F200C868C3 /* SepantaUITests.swift in Sources */,
			);
			runOnlyForDeploymentPostprocessing = 0;
		};
/* End PBXSourcesBuildPhase section */

/* Begin PBXTargetDependency section */
		0FE8B9BB220355F200C868C3 /* PBXTargetDependency */ = {
			isa = PBXTargetDependency;
			target = 0FE8B9A4220355F000C868C3 /* Sepanta */;
			targetProxy = 0FE8B9BA220355F200C868C3 /* PBXContainerItemProxy */;
		};
		0FE8B9C6220355F200C868C3 /* PBXTargetDependency */ = {
			isa = PBXTargetDependency;
			target = 0FE8B9A4220355F000C868C3 /* Sepanta */;
			targetProxy = 0FE8B9C5220355F200C868C3 /* PBXContainerItemProxy */;
		};
/* End PBXTargetDependency section */

/* Begin PBXVariantGroup section */
		0FE8B9AC220355F000C868C3 /* Main.storyboard */ = {
			isa = PBXVariantGroup;
			children = (
				0FE8B9AD220355F000C868C3 /* Base */,
			);
			name = Main.storyboard;
			sourceTree = "<group>";
		};
		0FE8B9B1220355F100C868C3 /* LaunchScreen.storyboard */ = {
			isa = PBXVariantGroup;
			children = (
				0FE8B9B2220355F100C868C3 /* Base */,
			);
			name = LaunchScreen.storyboard;
			sourceTree = "<group>";
		};
/* End PBXVariantGroup section */

/* Begin XCBuildConfiguration section */
		0FE8B9CB220355F200C868C3 /* Debug */ = {
			isa = XCBuildConfiguration;
			buildSettings = {
				ALWAYS_SEARCH_USER_PATHS = NO;
				CLANG_ANALYZER_NONNULL = YES;
				CLANG_ANALYZER_NUMBER_OBJECT_CONVERSION = YES_AGGRESSIVE;
				CLANG_CXX_LANGUAGE_STANDARD = "gnu++14";
				CLANG_CXX_LIBRARY = "libc++";
				CLANG_ENABLE_MODULES = YES;
				CLANG_ENABLE_OBJC_ARC = YES;
				CLANG_ENABLE_OBJC_WEAK = YES;
				CLANG_WARN_BLOCK_CAPTURE_AUTORELEASING = YES;
				CLANG_WARN_BOOL_CONVERSION = YES;
				CLANG_WARN_COMMA = YES;
				CLANG_WARN_CONSTANT_CONVERSION = YES;
				CLANG_WARN_DEPRECATED_OBJC_IMPLEMENTATIONS = YES;
				CLANG_WARN_DIRECT_OBJC_ISA_USAGE = YES_ERROR;
				CLANG_WARN_DOCUMENTATION_COMMENTS = YES;
				CLANG_WARN_EMPTY_BODY = YES;
				CLANG_WARN_ENUM_CONVERSION = YES;
				CLANG_WARN_INFINITE_RECURSION = YES;
				CLANG_WARN_INT_CONVERSION = YES;
				CLANG_WARN_NON_LITERAL_NULL_CONVERSION = YES;
				CLANG_WARN_OBJC_IMPLICIT_RETAIN_SELF = YES;
				CLANG_WARN_OBJC_LITERAL_CONVERSION = YES;
				CLANG_WARN_OBJC_ROOT_CLASS = YES_ERROR;
				CLANG_WARN_RANGE_LOOP_ANALYSIS = YES;
				CLANG_WARN_STRICT_PROTOTYPES = YES;
				CLANG_WARN_SUSPICIOUS_MOVE = YES;
				CLANG_WARN_UNGUARDED_AVAILABILITY = YES_AGGRESSIVE;
				CLANG_WARN_UNREACHABLE_CODE = YES;
				CLANG_WARN__DUPLICATE_METHOD_MATCH = YES;
				CODE_SIGN_IDENTITY = "iPhone Developer";
				COPY_PHASE_STRIP = NO;
				DEBUG_INFORMATION_FORMAT = dwarf;
				ENABLE_STRICT_OBJC_MSGSEND = YES;
				ENABLE_TESTABILITY = YES;
				GCC_C_LANGUAGE_STANDARD = gnu11;
				GCC_DYNAMIC_NO_PIC = NO;
				GCC_NO_COMMON_BLOCKS = YES;
				GCC_OPTIMIZATION_LEVEL = 0;
				GCC_PREPROCESSOR_DEFINITIONS = (
					"DEBUG=1",
					"$(inherited)",
				);
				GCC_WARN_64_TO_32_BIT_CONVERSION = YES;
				GCC_WARN_ABOUT_RETURN_TYPE = YES_ERROR;
				GCC_WARN_UNDECLARED_SELECTOR = YES;
				GCC_WARN_UNINITIALIZED_AUTOS = YES_AGGRESSIVE;
				GCC_WARN_UNUSED_FUNCTION = YES;
				GCC_WARN_UNUSED_VARIABLE = YES;
				IPHONEOS_DEPLOYMENT_TARGET = 11.4;
				MTL_ENABLE_DEBUG_INFO = YES;
				ONLY_ACTIVE_ARCH = YES;
				SDKROOT = iphoneos;
				SWIFT_ACTIVE_COMPILATION_CONDITIONS = DEBUG;
				SWIFT_OPTIMIZATION_LEVEL = "-Onone";
			};
			name = Debug;
		};
		0FE8B9CC220355F200C868C3 /* Release */ = {
			isa = XCBuildConfiguration;
			buildSettings = {
				ALWAYS_SEARCH_USER_PATHS = NO;
				CLANG_ANALYZER_NONNULL = YES;
				CLANG_ANALYZER_NUMBER_OBJECT_CONVERSION = YES_AGGRESSIVE;
				CLANG_CXX_LANGUAGE_STANDARD = "gnu++14";
				CLANG_CXX_LIBRARY = "libc++";
				CLANG_ENABLE_MODULES = YES;
				CLANG_ENABLE_OBJC_ARC = YES;
				CLANG_ENABLE_OBJC_WEAK = YES;
				CLANG_WARN_BLOCK_CAPTURE_AUTORELEASING = YES;
				CLANG_WARN_BOOL_CONVERSION = YES;
				CLANG_WARN_COMMA = YES;
				CLANG_WARN_CONSTANT_CONVERSION = YES;
				CLANG_WARN_DEPRECATED_OBJC_IMPLEMENTATIONS = YES;
				CLANG_WARN_DIRECT_OBJC_ISA_USAGE = YES_ERROR;
				CLANG_WARN_DOCUMENTATION_COMMENTS = YES;
				CLANG_WARN_EMPTY_BODY = YES;
				CLANG_WARN_ENUM_CONVERSION = YES;
				CLANG_WARN_INFINITE_RECURSION = YES;
				CLANG_WARN_INT_CONVERSION = YES;
				CLANG_WARN_NON_LITERAL_NULL_CONVERSION = YES;
				CLANG_WARN_OBJC_IMPLICIT_RETAIN_SELF = YES;
				CLANG_WARN_OBJC_LITERAL_CONVERSION = YES;
				CLANG_WARN_OBJC_ROOT_CLASS = YES_ERROR;
				CLANG_WARN_RANGE_LOOP_ANALYSIS = YES;
				CLANG_WARN_STRICT_PROTOTYPES = YES;
				CLANG_WARN_SUSPICIOUS_MOVE = YES;
				CLANG_WARN_UNGUARDED_AVAILABILITY = YES_AGGRESSIVE;
				CLANG_WARN_UNREACHABLE_CODE = YES;
				CLANG_WARN__DUPLICATE_METHOD_MATCH = YES;
				CODE_SIGN_IDENTITY = "iPhone Developer";
				COPY_PHASE_STRIP = NO;
				DEBUG_INFORMATION_FORMAT = "dwarf-with-dsym";
				ENABLE_NS_ASSERTIONS = NO;
				ENABLE_STRICT_OBJC_MSGSEND = YES;
				GCC_C_LANGUAGE_STANDARD = gnu11;
				GCC_NO_COMMON_BLOCKS = YES;
				GCC_WARN_64_TO_32_BIT_CONVERSION = YES;
				GCC_WARN_ABOUT_RETURN_TYPE = YES_ERROR;
				GCC_WARN_UNDECLARED_SELECTOR = YES;
				GCC_WARN_UNINITIALIZED_AUTOS = YES_AGGRESSIVE;
				GCC_WARN_UNUSED_FUNCTION = YES;
				GCC_WARN_UNUSED_VARIABLE = YES;
				IPHONEOS_DEPLOYMENT_TARGET = 11.4;
				MTL_ENABLE_DEBUG_INFO = NO;
				SDKROOT = iphoneos;
				SWIFT_COMPILATION_MODE = wholemodule;
				SWIFT_OPTIMIZATION_LEVEL = "-O";
				VALIDATE_PRODUCT = YES;
			};
			name = Release;
		};
		0FE8B9CE220355F200C868C3 /* Debug */ = {
			isa = XCBuildConfiguration;
			baseConfigurationReference = 5F42A23EF520BF93C6F192BB /* Pods-Sepanta.debug.xcconfig */;
			buildSettings = {
				ASSETCATALOG_COMPILER_APPICON_NAME = AppIcon;
				CLANG_ENABLE_MODULES = YES;
				CODE_SIGN_IDENTITY = "iPhone Developer";
				CODE_SIGN_STYLE = Automatic;
				DEVELOPMENT_TEAM = 3UL3Q223ZG;
				FRAMEWORK_SEARCH_PATHS = "$(inherited)";
				INFOPLIST_FILE = Sepanta/Info.plist;
				IPHONEOS_DEPLOYMENT_TARGET = 11.4;
				LD_RUNPATH_SEARCH_PATHS = (
					"$(inherited)",
					"@executable_path/Frameworks",
				);
				PRODUCT_BUNDLE_IDENTIFIER = Imzich.Sepanta;
				PRODUCT_NAME = "$(TARGET_NAME)";
				PROVISIONING_PROFILE_SPECIFIER = "";
				SWIFT_OBJC_BRIDGING_HEADER = "Sepanta/Bridge/Sepanta-Bridging-Header.h";
				SWIFT_OPTIMIZATION_LEVEL = "-Onone";
				SWIFT_VERSION = 4.0;
				TARGETED_DEVICE_FAMILY = "1,2";
			};
			name = Debug;
		};
		0FE8B9CF220355F200C868C3 /* Release */ = {
			isa = XCBuildConfiguration;
			baseConfigurationReference = B91029E76512835684482EFD /* Pods-Sepanta.release.xcconfig */;
			buildSettings = {
				ASSETCATALOG_COMPILER_APPICON_NAME = AppIcon;
				CLANG_ENABLE_MODULES = YES;
				CODE_SIGN_IDENTITY = "iPhone Developer";
				CODE_SIGN_STYLE = Automatic;
				DEVELOPMENT_TEAM = 3UL3Q223ZG;
				FRAMEWORK_SEARCH_PATHS = "$(inherited)";
				INFOPLIST_FILE = Sepanta/Info.plist;
				IPHONEOS_DEPLOYMENT_TARGET = 11.4;
				LD_RUNPATH_SEARCH_PATHS = (
					"$(inherited)",
					"@executable_path/Frameworks",
				);
				PRODUCT_BUNDLE_IDENTIFIER = Imzich.Sepanta;
				PRODUCT_NAME = "$(TARGET_NAME)";
				PROVISIONING_PROFILE_SPECIFIER = "";
				SWIFT_OBJC_BRIDGING_HEADER = "Sepanta/Bridge/Sepanta-Bridging-Header.h";
				SWIFT_VERSION = 4.0;
				TARGETED_DEVICE_FAMILY = "1,2";
			};
			name = Release;
		};
		0FE8B9D1220355F200C868C3 /* Debug */ = {
			isa = XCBuildConfiguration;
			baseConfigurationReference = 190BC7277F7151DCE26F7E0F /* Pods-SepantaTests.debug.xcconfig */;
			buildSettings = {
				ALWAYS_EMBED_SWIFT_STANDARD_LIBRARIES = YES;
				BUNDLE_LOADER = "$(TEST_HOST)";
				CODE_SIGN_STYLE = Automatic;
				DEVELOPMENT_TEAM = 3UL3Q223ZG;
				INFOPLIST_FILE = SepantaTests/Info.plist;
				LD_RUNPATH_SEARCH_PATHS = (
					"$(inherited)",
					"@executable_path/Frameworks",
					"@loader_path/Frameworks",
				);
				PRODUCT_BUNDLE_IDENTIFIER = Imzich.SepantaTests;
				PRODUCT_NAME = "$(TARGET_NAME)";
				SWIFT_VERSION = 4.0;
				TARGETED_DEVICE_FAMILY = "1,2";
				TEST_HOST = "$(BUILT_PRODUCTS_DIR)/Sepanta.app/Sepanta";
			};
			name = Debug;
		};
		0FE8B9D2220355F200C868C3 /* Release */ = {
			isa = XCBuildConfiguration;
			baseConfigurationReference = 5FDD1C97609FE59B7DE39973 /* Pods-SepantaTests.release.xcconfig */;
			buildSettings = {
				ALWAYS_EMBED_SWIFT_STANDARD_LIBRARIES = YES;
				BUNDLE_LOADER = "$(TEST_HOST)";
				CODE_SIGN_STYLE = Automatic;
				DEVELOPMENT_TEAM = 3UL3Q223ZG;
				INFOPLIST_FILE = SepantaTests/Info.plist;
				LD_RUNPATH_SEARCH_PATHS = (
					"$(inherited)",
					"@executable_path/Frameworks",
					"@loader_path/Frameworks",
				);
				PRODUCT_BUNDLE_IDENTIFIER = Imzich.SepantaTests;
				PRODUCT_NAME = "$(TARGET_NAME)";
				SWIFT_VERSION = 4.0;
				TARGETED_DEVICE_FAMILY = "1,2";
				TEST_HOST = "$(BUILT_PRODUCTS_DIR)/Sepanta.app/Sepanta";
			};
			name = Release;
		};
		0FE8B9D4220355F200C868C3 /* Debug */ = {
			isa = XCBuildConfiguration;
			buildSettings = {
				ALWAYS_EMBED_SWIFT_STANDARD_LIBRARIES = YES;
				CODE_SIGN_STYLE = Automatic;
				DEVELOPMENT_TEAM = 3UL3Q223ZG;
				INFOPLIST_FILE = SepantaUITests/Info.plist;
				LD_RUNPATH_SEARCH_PATHS = (
					"$(inherited)",
					"@executable_path/Frameworks",
					"@loader_path/Frameworks",
				);
				PRODUCT_BUNDLE_IDENTIFIER = Imzich.SepantaUITests;
				PRODUCT_NAME = "$(TARGET_NAME)";
				SWIFT_VERSION = 4.0;
				TARGETED_DEVICE_FAMILY = "1,2";
				TEST_TARGET_NAME = Sepanta;
			};
			name = Debug;
		};
		0FE8B9D5220355F200C868C3 /* Release */ = {
			isa = XCBuildConfiguration;
			buildSettings = {
				ALWAYS_EMBED_SWIFT_STANDARD_LIBRARIES = YES;
				CODE_SIGN_STYLE = Automatic;
				DEVELOPMENT_TEAM = 3UL3Q223ZG;
				INFOPLIST_FILE = SepantaUITests/Info.plist;
				LD_RUNPATH_SEARCH_PATHS = (
					"$(inherited)",
					"@executable_path/Frameworks",
					"@loader_path/Frameworks",
				);
				PRODUCT_BUNDLE_IDENTIFIER = Imzich.SepantaUITests;
				PRODUCT_NAME = "$(TARGET_NAME)";
				SWIFT_VERSION = 4.0;
				TARGETED_DEVICE_FAMILY = "1,2";
				TEST_TARGET_NAME = Sepanta;
			};
			name = Release;
		};
/* End XCBuildConfiguration section */

/* Begin XCConfigurationList section */
		0FE8B9A0220355F000C868C3 /* Build configuration list for PBXProject "Sepanta" */ = {
			isa = XCConfigurationList;
			buildConfigurations = (
				0FE8B9CB220355F200C868C3 /* Debug */,
				0FE8B9CC220355F200C868C3 /* Release */,
			);
			defaultConfigurationIsVisible = 0;
			defaultConfigurationName = Release;
		};
		0FE8B9CD220355F200C868C3 /* Build configuration list for PBXNativeTarget "Sepanta" */ = {
			isa = XCConfigurationList;
			buildConfigurations = (
				0FE8B9CE220355F200C868C3 /* Debug */,
				0FE8B9CF220355F200C868C3 /* Release */,
			);
			defaultConfigurationIsVisible = 0;
			defaultConfigurationName = Release;
		};
		0FE8B9D0220355F200C868C3 /* Build configuration list for PBXNativeTarget "SepantaTests" */ = {
			isa = XCConfigurationList;
			buildConfigurations = (
				0FE8B9D1220355F200C868C3 /* Debug */,
				0FE8B9D2220355F200C868C3 /* Release */,
			);
			defaultConfigurationIsVisible = 0;
			defaultConfigurationName = Release;
		};
		0FE8B9D3220355F200C868C3 /* Build configuration list for PBXNativeTarget "SepantaUITests" */ = {
			isa = XCConfigurationList;
			buildConfigurations = (
				0FE8B9D4220355F200C868C3 /* Debug */,
				0FE8B9D5220355F200C868C3 /* Release */,
			);
			defaultConfigurationIsVisible = 0;
			defaultConfigurationName = Release;
		};
/* End XCConfigurationList section */
	};
	rootObject = 0FE8B99D220355F000C868C3 /* Project object */;
}
